{
  "lockfile_version": "1",
  "packages": {
    "bat@latest": {
      "last_modified": "2026-08-01T16:34:20Z",
      "resolved": "github:NixOS/nixpkgs/a5cbcfe954791221bfffe2307f7d1a1bf61a871e#bat",
      "source": "devbox-search",
      "version": "0.26.1",
      "systems": {
        "aarch64-darwin": {
          "outputs": [
            {
              "name": "out",
              "path": "/nix/store/5pr7sdlym35d43fszlggg98ba0s3vafh-bat-0.26.1",
              "default": true
            }
          ],
          "store_path": "/nix/store/5pr7sdlym35d43fszlggg98ba0s3vafh-bat-0.26.1"
        },
        "aarch64-linux": {
          "outputs": [
            {
              "name": "out",
              "path": "/nix/store/dfbz1la21fx8zprnxa34fswaw3s2v13p-bat-0.26.1",
              "default": true
            }
          ],
          "store_path": "/nix/store/dfbz1la21fx8zprnxa34fswaw3s2v13p-bat-0.26.1"
        },
        "x86_64-darwin": {
          "outputs": [
            {
              "name": "out",
              "path": "/nix/store/83yqdzp8y87zqqhi9jqzp2xdgj6wm4ms-bat-0.26.1",
              "default": true
            }
          ],
          "store_path": "/nix/store/83yqdzp8y87zqqhi9jqzp2xdgj6wm4ms-bat-0.26.1"
        },
        "x86_64-linux": {
          "outputs": [
            {
              "name": "out",
              "path": "/nix/store/b6gz7x9rk0qzcwxpmv24pc5srmfcgsvx-bat-0.26.1",
              "default": true
            }
          ],
          "store_path": "/nix/store/b6gz7x9rk0qzcwxpmv24pc5srmfcgsvx-bat-0.26.1"
        }
      }
    },
    "claude-code@latest": {
      "last_modified": "2026-08-01T16:34:20Z",
      "resolved": "github:NixOS/nixpkgs/a5cbcfe954791221bfffe2307f7d1a1bf61a871e#claude-code",
      "source": "devbox-search",
      "version": "2.1.220",
      "systems": {
        "aarch64-darwin": {
          "outputs": [
            {
              "name": "out",
              "path": "/nix/store/fbnnw4ak1s11l8zhx48mps0mvf82bh4c-claude-code-2.1.220",
              "default": true
            }
          ],
          "store_path": "/nix/store/fbnnw4ak1s11l8zhx48mps0mvf82bh4c-claude-code-2.1.220"
        },
        "aarch64-linux": {
          "outputs": [
            {
              "name": "out",
              "path": "/nix/store/hsrdgrp23hjk15qm2b4vz2ib7afiapnn-claude-code-2.1.220",
              "default": true
            }
          ],
          "store_path": "/nix/store/hsrdgrp23hjk15qm2b4vz2ib7afiapnn-claude-code-2.1.220"
        },
        "x86_64-linux": {
          "outputs": [
            {
              "name": "out",
              "path": "/nix/store/wad84rvlsrcs1wq4kkk0dlpblynmspa8-claude-code-2.1.220",
              "default": true
            }
          ],
          "store_path": "/nix/store/wad84rvlsrcs1wq4kkk0dlpblynmspa8-claude-code-2.1.220"
        }
      }
    },
    "delta@latest": {
      "last_modified": "2026-08-01T16:34:20Z",
      "resolved": "github:NixOS/nixpkgs/a5cbcfe954791221bfffe2307f7d1a1bf61a871e#delta",
      "source": "devbox-search",
      "version": "0.19.2",
      "systems": {
        "aarch64-darwin": {
          "outputs": [
            {
              "name": "out",
              "path": "/nix/store/2h5rlpzb1nvin7ljfpld5p12w6x7jzqb-delta-0.19.2",
              "default": true
            }
          ],
          "store_path": "/nix/store/2h5rlpzb1nvin7ljfpld5p12w6x7jzqb-delta-0.19.2"
        },
        "aarch64-linux": {
          "outputs": [
            {
              "name": "out",
              "path": "/nix/store/3nvhvfwpyiqm9b80s02q0dgnbqxqrxb1-delta-0.19.2",
              "default": true
            }
          ],
          "store_path": "/nix/store/3nvhvfwpyiqm9b80s02q0dgnbqxqrxb1-delta-0.19.2"
        },
        "x86_64-darwin": {
          "outputs": [
            {
              "name": "out",
              "path": "/nix/store/l2qi2192h1iap9m7qyzz3911kb1kg0vd-delta-0.19.2",
              "default": true
            }
          ],
          "store_path": "/nix/store/l2qi2192h1iap9m7qyzz3911kb1kg0vd-delta-0.19.2"
        },
        "x86_64-linux": {
          "outputs": [
            {
              "name": "out",
              "path": "/nix/store/sbpx8vip8pxz3hfqmg4m8d4hwpyw36lv-delta-0.19.2",
              "default": true
            }
          ],
          "store_path": "/nix/store/sbpx8vip8pxz3hfqmg4m8d4hwpyw36lv-delta-0.19.2"
        }
      }
    },
    "eza@latest": {
      "last_modified": "2026-08-01T16:34:20Z",
      "resolved": "github:NixOS/nixpkgs/a5cbcfe954791221bfffe2307f7d1a1bf61a871e#eza",
      "source": "devbox-search",
      "version": "0.23.5",
      "systems": {
        "aarch64-darwin": {
          "outputs": [
            {
              "name": "out",
              "path": "/nix/store/9a67by3sv5x4ncmhirfliqjmia2n5zw9-eza-0.23.5",
              "default": true
            },
            {
              "name": "man",
              "path": "/nix/store/4xk1wsspc7wam0m2h73fcbs1asb9pvv3-eza-0.23.5-man",
              "default": true
            }
          ],
          "store_path": "/nix/store/9a67by3sv5x4ncmhirfliqjmia2n5zw9-eza-0.23.5"
        },
        "aarch64-linux": {
          "outputs": [
            {
              "name": "out",
              "path": "/nix/store/xzx727lk7psfy58za11a19j9k60v5jmq-eza-0.23.5",
              "default": true
            },
            {
              "name": "man",
              "path": "/nix/store/pcaf8as9nhiphippxh1dp5bv9k7r7y95-eza-0.23.5-man",
              "default": true
            }
          ],
          "store_path": "/nix/store/xzx727lk7psfy58za11a19j9k60v5jmq-eza-0.23.5"
        },
        "x86_64-linux": {
          "outputs": [
            {
              "name": "out",
              "path": "/nix/store/ilcq4d0jcl697xmdjwaz3mmkin55ahws-eza-0.23.5",
              "default": true
            },
            {
              "name": "man",
              "path": "/nix/store/2ygqq6z5ms3xdgn53srqhj57yrv7yml8-eza-0.23.5-man",
              "default": true
            }
          ],
          "store_path": "/nix/store/ilcq4d0jcl697xmdjwaz3mmkin55ahws-eza-0.23.5"
        }
      }
    },
    "fd@latest": {
      "last_modified": "2026-08-01T16:34:20Z",
      "resolved": "github:NixOS/nixpkgs/a5cbcfe954791221bfffe2307f7d1a1bf61a871e#fd",
      "source": "devbox-search",
      "version": "10.4.2",
      "systems": {
        "aarch64-darwin": {
          "outputs": [
            {
              "name": "out",
              "path": "/nix/store/03lwcxras7m5h3bb9f1fjkx9vvyvgkzr-fd-10.4.2",
              "default": true
            }
          ],
          "store_path": "/nix/store/03lwcxras7m5h3bb9f1fjkx9vvyvgkzr-fd-10.4.2"
        },
        "aarch64-linux": {
          "outputs": [
            {
              "name": "out",
              "path": "/nix/store/w6qb4ammhiyvs1w99caa0p2zjy7hb4qj-fd-10.4.2",
              "default": true
            }
          ],
          "store_path": "/nix/store/w6qb4ammhiyvs1w99caa0p2zjy7hb4qj-fd-10.4.2"
        },
        "x86_64-darwin": {
          "outputs": [
            {
              "name": "out",
              "path": "/nix/store/5ychmf2vmgws4qxs0cb6jjxgkhnvwk9n-fd-10.4.2",
              "default": true
            }
          ],
          "store_path": "/nix/store/5ychmf2vmgws4qxs0cb6jjxgkhnvwk9n-fd-10.4.2"
        },
        "x86_64-linux": {
          "outputs": [
            {
              "name": "out",
              "path": "/nix/store/pjpj3xq6z701ch47arqyw6zwymbqqlal-fd-10.4.2",
              "default": true
            }
          ],
          "store_path": "/nix/store/pjpj3xq6z701ch47arqyw6zwymbqqlal-fd-10.4.2"
        }
      }
    },
    "fzf@latest": {
      "last_modified": "2026-08-01T16:34:20Z",
      "resolved": "github:NixOS/nixpkgs/a5cbcfe954791221bfffe2307f7d1a1bf61a871e#fzf",
      "source": "devbox-search",
      "version": "0.74.2",
      "systems": {
        "aarch64-darwin": {
          "outputs": [
            {
              "name": "out",
              "path": "/nix/store/m5f8sfhsn7lsw9dq8mbwj57d5s5gvls5-fzf-0.74.2",
              "default": true
            },
            {
              "name": "man",
              "path": "/nix/store/x97zmdam9wgkm256nyjgav9fy43f6nxr-fzf-0.74.2-man",
              "default": true
            }
          ],
          "store_path": "/nix/store/m5f8sfhsn7lsw9dq8mbwj57d5s5gvls5-fzf-0.74.2"
        },
        "aarch64-linux": {
          "outputs": [
            {
              "name": "out",
              "path": "/nix/store/axkz0hxi5mf8351iinz1i7h53dqlfahp-fzf-0.74.2",
              "default": true
            },
            {
              "name": "man",
              "path": "/nix/store/mcgbz2qr5pssigadigvp4zmm41p6kxws-fzf-0.74.2-man",
              "default": true
            }
          ],
          "store_path": "/nix/store/axkz0hxi5mf8351iinz1i7h53dqlfahp-fzf-0.74.2"
        },
        "x86_64-linux": {
          "outputs": [
            {
              "name": "out",
              "path": "/nix/store/q9na80xlbr9gh0607h13hmdx9ljzslng-fzf-0.74.2",
              "default": true
            },
            {
              "name": "man",
              "path": "/nix/store/n8kyh1r2184dyjhmhxx139xsvikgafz8-fzf-0.74.2-man",
              "default": true
            }
          ],
          "store_path": "/nix/store/q9na80xlbr9gh0607h13hmdx9ljzslng-fzf-0.74.2"
        }
      }
    },
    "gh@latest": {
      "last_modified": "2026-08-01T16:34:20Z",
      "resolved": "github:NixOS/nixpkgs/a5cbcfe954791221bfffe2307f7d1a1bf61a871e#gh",
      "source": "devbox-search",
      "version": "2.97.0",
      "systems": {
        "aarch64-darwin": {
          "outputs": [
            {
              "name": "out",
              "path": "/nix/store/9q6i0m1x1wx24vknbs3iglvnr5aw1hxb-gh-2.97.0",
              "default": true
            }
          ],
          "store_path": "/nix/store/9q6i0m1x1wx24vknbs3iglvnr5aw1hxb-gh-2.97.0"
        },
        "aarch64-linux": {
          "outputs": [
            {
              "name": "out",
              "path": "/nix/store/8zf6nxnc574nlipbhq4z46ij22hqd9ac-gh-2.97.0",
              "default": true
            }
          ],
          "store_path": "/nix/store/8zf6nxnc574nlipbhq4z46ij22hqd9ac-gh-2.97.0"
        },
        "x86_64-linux": {
          "outputs": [
            {
              "name": "out",
              "path": "/nix/store/7ayrbzjnm88xn12lfv99c1sqprlc2bwr-gh-2.97.0",
              "default": true
            }
          ],
          "store_path": "/nix/store/7ayrbzjnm88xn12lfv99c1sqprlc2bwr-gh-2.97.0"
        }
      }
    },
    "git@latest": {
      "last_modified": "2026-08-01T16:34:20Z",
      "resolved": "github:NixOS/nixpkgs/a5cbcfe954791221bfffe2307f7d1a1bf61a871e#git",
      "source": "devbox-search",
      "version": "2.55.0",
      "systems": {
        "aarch64-darwin": {
          "outputs": [
            {
              "name": "out",
              "path": "/nix/store/rim5n939lwjc8mah63ld1q31i6n7bvf0-git-2.55.0",
              "default": true
            },
            {
              "name": "doc",
              "path": "/nix/store/y34pxb3x3h1gyvcfvanqlfjzm0c86cb4-git-2.55.0-doc"
            }
          ],
          "store_path": "/nix/store/rim5n939lwjc8mah63ld1q31i6n7bvf0-git-2.55.0"
        },
        "aarch64-linux": {
          "outputs": [
            {
              "name": "out",
              "path": "/nix/store/v2iradivx07xjqwk2q71i57pwxw6wh4g-git-2.55.0",
              "default": true
            },
            {
              "name": "debug",
              "path": "/nix/store/nsck4ncjjmdy8c5h83yw297c7xxv64xx-git-2.55.0-debug"
            },
            {
              "name": "doc",
              "path": "/nix/store/bz8bdi34lg4w10kxs9bm93658ary5rrz-git-2.55.0-doc"
            }
          ],
          "store_path": "/nix/store/v2iradivx07xjqwk2q71i57pwxw6wh4g-git-2.55.0"
        },
        "x86_64-linux": {
          "outputs": [
            {
              "name": "out",
              "path": "/nix/store/6f0qqak4qbcrbw4f750phr88c9yhpf5s-git-2.55.0",
              "default": true
            },
            {
              "name": "debug",
              "path": "/nix/store/rwiamhfaqkns90xsalafayg01afk3pza-git-2.55.0-debug"
            },
            {
              "name": "doc",
              "path": "/nix/store/bddpyi6cgkp3v8f58i900hymgfvkyag5-git-2.55.0-doc"
            }
          ],
          "store_path": "/nix/store/6f0qqak4qbcrbw4f750phr88c9yhpf5s-git-2.55.0"
        }
      }
    },
    "github:NixOS/nixpkgs/ccb635f945aa6d34300627e70633878645db2db3": {
      "last_modified": "1970-01-01T00:00:00Z",
      "resolved": "github:NixOS/nixpkgs/ccb635f945aa6d34300627e70633878645db2db3"
    },
    "hexyl@latest": {
      "last_modified": "2026-08-01T16:34:20Z",
      "resolved": "github:NixOS/nixpkgs/a5cbcfe954791221bfffe2307f7d1a1bf61a871e#hexyl",
      "source": "devbox-search",
      "version": "0.17.0",
      "systems": {
        "aarch64-darwin": {
          "outputs": [
            {
              "name": "out",
              "path": "/nix/store/9day48j627vhaw5gxxgd7xsfiznwx4qx-hexyl-0.17.0",
              "default": true
            }
          ],
          "store_path": "/nix/store/9day48j627vhaw5gxxgd7xsfiznwx4qx-hexyl-0.17.0"
        },
        "aarch64-linux": {
          "outputs": [
            {
              "name": "out",
              "path": "/nix/store/8q78sb0hmhrpnq9xr87knwyllzmpqy4b-hexyl-0.17.0",
              "default": true
            }
          ],
          "store_path": "/nix/store/8q78sb0hmhrpnq9xr87knwyllzmpqy4b-hexyl-0.17.0"
        },
        "x86_64-darwin": {
          "outputs": [
            {
              "name": "out",
              "path": "/nix/store/1w35qx10xlki8dfmxyjd81ryxn94q5q9-hexyl-0.17.0",
              "default": true
            }
          ],
          "store_path": "/nix/store/1w35qx10xlki8dfmxyjd81ryxn94q5q9-hexyl-0.17.0"
        },
        "x86_64-linux": {
          "outputs": [
            {
              "name": "out",
              "path": "/nix/store/birdza8w5yi3sflr0f9v6q6n2v5lywas-hexyl-0.17.0",
              "default": true
            }
          ],
          "store_path": "/nix/store/birdza8w5yi3sflr0f9v6q6n2v5lywas-hexyl-0.17.0"
        }
      }
    },
    "jq@latest": {
      "last_modified": "2026-08-01T16:34:20Z",
      "resolved": "github:NixOS/nixpkgs/a5cbcfe954791221bfffe2307f7d1a1bf61a871e#jq",
      "source": "devbox-search",
      "version": "1.8.2",
      "systems": {
        "aarch64-darwin": {
          "outputs": [
            {
              "name": "bin",
              "path": "/nix/store/si622aj9znsy96kdwsrg54dxzp9m35qw-jq-1.8.2-bin",
              "default": true
            },
            {
              "name": "man",
              "path": "/nix/store/jp2c61il2ycagni1j5c1jrglnypvbf5k-jq-1.8.2-man",
              "default": true
            },
            {
              "name": "dev",
              "path": "/nix/store/zcvl9cnw5a44f74gw8aa8fh8cfynjc76-jq-1.8.2-dev"
            },
            {
              "name": "doc",
              "path": "/nix/store/4s66blj2afdqbzaq8ilw30v7kpjb6ypw-jq-1.8.2-doc"
            },
            {
              "name": "out",
              "path": "/nix/store/z28yr7h99fi3mch4dh3bc50bjk6malsl-jq-1.8.2"
            }
          ],
          "store_path": "/nix/store/si622aj9znsy96kdwsrg54dxzp9m35qw-jq-1.8.2-bin"
        },
        "aarch64-linux": {
          "outputs": [
            {
              "name": "bin",
              "path": "/nix/store/rjaclwgima9ssysv7v0h2hq46g8sikd4-jq-1.8.2-bin",
              "default": true
            },
            {
              "name": "man",
              "path": "/nix/store/1w15pijismpwnainv71a6pdnsypjnqg7-jq-1.8.2-man",
              "default": true
            },
            {
              "name": "dev",
              "path": "/nix/store/yy0mx8yjmzkk154mmp1vx4b0kz0ndw6y-jq-1.8.2-dev"
            },
            {
              "name": "doc",
              "path": "/nix/store/yqx0xva9dq6rnvxgwcadrmni1l8ympa1-jq-1.8.2-doc"
            },
            {
              "name": "out",
              "path": "/nix/store/0x995g1z807ynhzsh2f6yj0jsw6pr50f-jq-1.8.2"
            }
          ],
          "store_path": "/nix/store/rjaclwgima9ssysv7v0h2hq46g8sikd4-jq-1.8.2-bin"
        },
        "x86_64-linux": {
          "outputs": [
            {
              "name": "bin",
              "path": "/nix/store/4b6f9wb1qak318gk7mxlfkhril6lxpcx-jq-1.8.2-bin",
              "default": true
            },
            {
              "name": "man",
              "path": "/nix/store/4zwaa20khsi2drbg16i5z3wxbjf88mm6-jq-1.8.2-man",
              "default": true
            },
            {
              "name": "dev",
              "path": "/nix/store/sp8a7n50g32lzzsc7dz09ry2vc9bh4y0-jq-1.8.2-dev"
            },
            {
              "name": "doc",
              "path": "/nix/store/dp4rs4vpwp44c7vvgskj1hly0d6xqf2m-jq-1.8.2-doc"
            },
            {
              "name": "out",
              "path": "/nix/store/z438hrlp3j75bpmq87ymzabb8vrda8ps-jq-1.8.2"
            }
          ],
          "store_path": "/nix/store/4b6f9wb1qak318gk7mxlfkhril6lxpcx-jq-1.8.2-bin"
        }
      }
    },
    "luarocks@latest": {
      "last_modified": "2023-02-24T09:01:09Z",
      "resolved": "github:NixOS/nixpkgs/7d0ed7f2e5aea07ab22ccb338d27fbe347ed2f11#luarocks",
      "source": "devbox-search",
      "version": "3.9.1",
      "systems": {
        "x86_64-linux": {
          "outputs": [
            {
              "path": "/nix/store/p9ma631145gniixlym6x09zr97q3m5h1-luarocks-3.9.1",
              "default": true
            }
          ]
        }
      }
    },
    "neovim@latest": {
      "last_modified": "2026-08-01T16:34:20Z",
      "resolved": "github:NixOS/nixpkgs/a5cbcfe954791221bfffe2307f7d1a1bf61a871e#neovim",
      "source": "devbox-search",
      "version": "0.12.4",
      "systems": {
        "aarch64-darwin": {
          "outputs": [
            {
              "name": "out",
              "path": "/nix/store/aybgc590k5l2f1a4hg37msdf44i17x37-neovim-0.12.4",
              "default": true
            }
          ],
          "store_path": "/nix/store/aybgc590k5l2f1a4hg37msdf44i17x37-neovim-0.12.4"
        },
        "aarch64-linux": {
          "outputs": [
            {
              "name": "out",
              "path": "/nix/store/i76n7m4m2bnlmqnxc9spx2f1fdhybq4i-neovim-0.12.4",
              "default": true
            }
          ],
          "store_path": "/nix/store/i76n7m4m2bnlmqnxc9spx2f1fdhybq4i-neovim-0.12.4"
        },
        "x86_64-darwin": {
          "outputs": [
            {
              "name": "out",
              "path": "/nix/store/qaylcpy5afhc6mgxhc50yj0gh0smx9h4-neovim-0.12.4",
              "default": true
            }
          ],
          "store_path": "/nix/store/qaylcpy5afhc6mgxhc50yj0gh0smx9h4-neovim-0.12.4"
        },
        "x86_64-linux": {
          "outputs": [
            {
              "name": "out",
              "path": "/nix/store/w59xhyc9iaprfx7ghck24vsa8gwi47d1-neovim-0.12.4",
              "default": true
            }
          ],
          "store_path": "/nix/store/w59xhyc9iaprfx7ghck24vsa8gwi47d1-neovim-0.12.4"
        }
      }
    },
    "nodejs@latest": {
      "last_modified": "2026-08-01T16:34:20Z",
      "plugin_version": "0.0.4",
      "resolved": "github:NixOS/nixpkgs/a5cbcfe954791221bfffe2307f7d1a1bf61a871e#nodejs_26",
      "source": "devbox-search",
      "version": "26.5.1",
      "systems": {
        "aarch64-darwin": {
          "outputs": [
            {
              "name": "out",
              "path": "/nix/store/a76l7kn8y5667cr1b4ji05dw8s8cvavp-nodejs-26.5.1",
              "default": true
            }
          ],
          "store_path": "/nix/store/a76l7kn8y5667cr1b4ji05dw8s8cvavp-nodejs-26.5.1"
        },
        "aarch64-linux": {
          "outputs": [
            {
              "name": "out",
              "path": "/nix/store/z455bzfiyfxxrk1wb7b2mw1v4zyjsl5l-nodejs-26.5.1",
              "default": true
            }
          ],
          "store_path": "/nix/store/z455bzfiyfxxrk1wb7b2mw1v4zyjsl5l-nodejs-26.5.1"
        },
        "x86_64-linux": {
          "outputs": [
            {
              "name": "out",
              "path": "/nix/store/5jygfy4i7ylxbb11z6f6awzcy6an6zy9-nodejs-26.5.1",
              "default": true
            }
          ],
          "store_path": "/nix/store/5jygfy4i7ylxbb11z6f6awzcy6an6zy9-nodejs-26.5.1"
        }
      }
    },
    "opencode@latest": {
      "last_modified": "2026-08-01T16:34:20Z",
      "resolved": "github:NixOS/nixpkgs/a5cbcfe954791221bfffe2307f7d1a1bf61a871e#opencode",
      "source": "devbox-search",
      "version": "1.18.9",
      "systems": {
        "aarch64-darwin": {
          "outputs": [
            {
              "name": "out",
              "path": "/nix/store/lfcjaasia96842922gpq6r273am3k1nz-opencode-1.18.9",
              "default": true
            }
          ],
          "store_path": "/nix/store/lfcjaasia96842922gpq6r273am3k1nz-opencode-1.18.9"
        },
        "aarch64-linux": {
          "outputs": [
            {
              "name": "out",
              "path": "/nix/store/xk6vg9w1abfvm91dr614cyhbp0vgxafj-opencode-1.18.9",
              "default": true
            }
          ],
          "store_path": "/nix/store/xk6vg9w1abfvm91dr614cyhbp0vgxafj-opencode-1.18.9"
        },
        "x86_64-linux": {
          "outputs": [
            {
              "name": "out",
              "path": "/nix/store/93ma5zflqdpmklxsqp3ph891hvcsdn39-opencode-1.18.9",
              "default": true
            }
          ],
          "store_path": "/nix/store/93ma5zflqdpmklxsqp3ph891hvcsdn39-opencode-1.18.9"
        }
      }
    },
    "pixi@latest": {
      "last_modified": "2026-08-01T16:34:20Z",
      "resolved": "github:NixOS/nixpkgs/a5cbcfe954791221bfffe2307f7d1a1bf61a871e#pixi",
      "source": "devbox-search",
      "version": "0.72.1",
      "systems": {
        "aarch64-darwin": {
          "outputs": [
            {
              "name": "out",
              "path": "/nix/store/a0fplhg5mpf6218alwlp53r3xj4cxrb3-pixi-0.72.1",
              "default": true
            }
          ],
          "store_path": "/nix/store/a0fplhg5mpf6218alwlp53r3xj4cxrb3-pixi-0.72.1"
        },
        "aarch64-linux": {
          "outputs": [
            {
              "name": "out",
              "path": "/nix/store/bwsiwkbvf5rya311ab2635bymd7hgv4y-pixi-0.72.1",
              "default": true
            }
          ],
          "store_path": "/nix/store/bwsiwkbvf5rya311ab2635bymd7hgv4y-pixi-0.72.1"
        },
        "x86_64-linux": {
          "outputs": [
            {
              "name": "out",
              "path": "/nix/store/9zyhrfbqw8ididx5pcp4prs1zshvv1jf-pixi-0.72.1",
              "default": true
            }
          ],
          "store_path": "/nix/store/9zyhrfbqw8ididx5pcp4prs1zshvv1jf-pixi-0.72.1"
        }
      }
    },
    "podman@latest": {
      "last_modified": "2026-08-01T16:34:20Z",
      "resolved": "github:NixOS/nixpkgs/a5cbcfe954791221bfffe2307f7d1a1bf61a871e#podman",
      "source": "devbox-search",
      "version": "5.8.4",
      "systems": {
        "aarch64-darwin": {
          "outputs": [
            {
              "name": "out",
              "path": "/nix/store/5yrkc5hwvsk12mxknaplxyvxb2c1pv2d-podman-5.8.4",
              "default": true
            },
            {
              "name": "man",
              "path": "/nix/store/qg1wlycsd3l7ybjln85m1j52fy34w8vr-podman-5.8.4-man",
              "default": true
            }
          ],
          "store_path": "/nix/store/5yrkc5hwvsk12mxknaplxyvxb2c1pv2d-podman-5.8.4"
        },
        "aarch64-linux": {
          "outputs": [
            {
              "name": "out",
              "path": "/nix/store/f8008ds087chkjprwfcxdmwigzi050am-podman-5.8.4",
              "default": true
            },
            {
              "name": "man",
              "path": "/nix/store/0j68yagjqzqrnih41jzb0pcpqi5qvr6z-podman-5.8.4-man",
              "default": true
            }
          ],
          "store_path": "/nix/store/f8008ds087chkjprwfcxdmwigzi050am-podman-5.8.4"
        },
        "x86_64-darwin": {
          "outputs": [
            {
              "name": "out",
              "path": "/nix/store/vjrky6cijiw4g15ccw0iv8brk8qjmvyr-podman-5.8.4",
              "default": true
            },
            {
              "name": "man",
              "path": "/nix/store/rcmf6ds7m4zhbca6ckvigmad6q69phgn-podman-5.8.4-man",
              "default": true
            }
          ],
          "store_path": "/nix/store/vjrky6cijiw4g15ccw0iv8brk8qjmvyr-podman-5.8.4"
        },
        "x86_64-linux": {
          "outputs": [
            {
              "name": "out",
              "path": "/nix/store/a48r2v1d4xdg3x1clpjh66cfhynndwwl-podman-5.8.4",
              "default": true
            },
            {
              "name": "man",
              "path": "/nix/store/yqjnqafn76xdlw018bxlipqc36l4ynbi-podman-5.8.4-man",
              "default": true
            }
          ],
          "store_path": "/nix/store/a48r2v1d4xdg3x1clpjh66cfhynndwwl-podman-5.8.4"
        }
      }
    },
    "ripgrep@latest": {
      "last_modified": "2026-08-01T16:34:20Z",
      "resolved": "github:NixOS/nixpkgs/a5cbcfe954791221bfffe2307f7d1a1bf61a871e#ripgrep",
      "source": "devbox-search",
      "version": "15.2.0",
      "systems": {
        "aarch64-darwin": {
          "outputs": [
            {
              "name": "out",
              "path": "/nix/store/d269b55pk3m8bfzmf4fjd9nj57vick1n-ripgrep-15.2.0",
              "default": true
            }
          ],
          "store_path": "/nix/store/d269b55pk3m8bfzmf4fjd9nj57vick1n-ripgrep-15.2.0"
        },
        "aarch64-linux": {
          "outputs": [
            {
              "name": "out",
              "path": "/nix/store/19wxr8hcynk6025kq7yk3vmv6j2yjz21-ripgrep-15.2.0",
              "default": true
            }
          ],
          "store_path": "/nix/store/19wxr8hcynk6025kq7yk3vmv6j2yjz21-ripgrep-15.2.0"
        },
        "x86_64-linux": {
          "outputs": [
            {
              "name": "out",
              "path": "/nix/store/7jxi8055xhmw6jw567p1m6b7giwmznhf-ripgrep-15.2.0",
              "default": true
            }
          ],
          "store_path": "/nix/store/7jxi8055xhmw6jw567p1m6b7giwmznhf-ripgrep-15.2.0"
        }
      }
    },
    "silver-searcher@latest": {
      "last_modified": "2026-05-21T08:15:18Z",
      "resolved": "github:NixOS/nixpkgs/4a29d733e8a7d5b824c3d8c958a946a9867b3eb2#silver-searcher",
      "source": "devbox-search",
      "version": "2.2.0",
      "systems": {
        "aarch64-darwin": {
          "outputs": [
            {
              "name": "out",
              "path": "/nix/store/picnih676x82laxnp4zwgjfi32pm4hq5-silver-searcher-2.2.0",
              "default": true
            }
          ],
          "store_path": "/nix/store/picnih676x82laxnp4zwgjfi32pm4hq5-silver-searcher-2.2.0"
        },
        "aarch64-linux": {
          "outputs": [
            {
              "name": "out",
              "path": "/nix/store/4af6vwsf3c9v6ixd4m66mk4fvz8z0ybx-silver-searcher-2.2.0",
              "default": true
            }
          ],
          "store_path": "/nix/store/4af6vwsf3c9v6ixd4m66mk4fvz8z0ybx-silver-searcher-2.2.0"
        },
        "x86_64-darwin": {
          "outputs": [
            {
              "name": "out",
              "path": "/nix/store/njayrvmcjrbhsz93jk0yrkqd71xq0rl3-silver-searcher-2.2.0",
              "default": true
            }
          ],
          "store_path": "/nix/store/njayrvmcjrbhsz93jk0yrkqd71xq0rl3-silver-searcher-2.2.0"
        },
        "x86_64-linux": {
          "outputs": [
            {
              "name": "out",
              "path": "/nix/store/q21ssf7nych851fscwsi0l9bkam1r0bc-silver-searcher-2.2.0",
              "default": true
            }
          ],
          "store_path": "/nix/store/q21ssf7nych851fscwsi0l9bkam1r0bc-silver-searcher-2.2.0"
        }
      }
    },
    "starship@latest": {
      "last_modified": "2026-08-01T16:34:20Z",
      "resolved": "github:NixOS/nixpkgs/a5cbcfe954791221bfffe2307f7d1a1bf61a871e#starship",
      "source": "devbox-search",
      "version": "1.26.0",
      "systems": {
        "aarch64-darwin": {
          "outputs": [
            {
              "name": "out",
              "path": "/nix/store/0n392ara7cs1m0m8c6ay82nflhrfki05-starship-1.26.0",
              "default": true
            }
          ],
          "store_path": "/nix/store/0n392ara7cs1m0m8c6ay82nflhrfki05-starship-1.26.0"
        },
        "aarch64-linux": {
          "outputs": [
            {
              "name": "out",
              "path": "/nix/store/0gqwr0dw9id830cbrracpywmmkd637jm-starship-1.26.0",
              "default": true
            }
          ],
          "store_path": "/nix/store/0gqwr0dw9id830cbrracpywmmkd637jm-starship-1.26.0"
        },
        "x86_64-darwin": {
          "outputs": [
            {
              "name": "out",
              "path": "/nix/store/mpyjw3wc4ns7gwdaljq1dnsxj0dv3pdf-starship-1.26.0",
              "default": true
            }
          ],
          "store_path": "/nix/store/mpyjw3wc4ns7gwdaljq1dnsxj0dv3pdf-starship-1.26.0"
        },
        "x86_64-linux": {
          "outputs": [
            {
              "name": "out",
              "path": "/nix/store/44p83v3x045j9p5ya8qzzr3sh25rfh48-starship-1.26.0",
              "default": true
            }
          ],
          "store_path": "/nix/store/44p83v3x045j9p5ya8qzzr3sh25rfh48-starship-1.26.0"
        }
      }
    },
    "tree-sitter@latest": {
      "last_modified": "2026-08-01T16:34:20Z",
      "resolved": "github:NixOS/nixpkgs/a5cbcfe954791221bfffe2307f7d1a1bf61a871e#tree-sitter",
      "source": "devbox-search",
      "version": "0.26.9",
      "systems": {
        "aarch64-darwin": {
          "outputs": [
            {
              "name": "out",
              "path": "/nix/store/jq6qjs54rpz92khl1gcif102cydypkbw-tree-sitter-0.26.9",
              "default": true
            }
          ],
          "store_path": "/nix/store/jq6qjs54rpz92khl1gcif102cydypkbw-tree-sitter-0.26.9"
        },
        "aarch64-linux": {
          "outputs": [
            {
              "name": "out",
              "path": "/nix/store/mdmax6cy1gqf63c02ayj8g9zj8q0iflp-tree-sitter-0.26.9",
              "default": true
            }
          ],
          "store_path": "/nix/store/mdmax6cy1gqf63c02ayj8g9zj8q0iflp-tree-sitter-0.26.9"
        },
        "x86_64-linux": {
          "outputs": [
            {
              "name": "out",
              "path": "/nix/store/d1sygp6nqqszpnlv4liqqj2xip1jilzf-tree-sitter-0.26.9",
              "default": true
            }
          ],
          "store_path": "/nix/store/d1sygp6nqqszpnlv4liqqj2xip1jilzf-tree-sitter-0.26.9"
        }
      }
    },
    "yadm@latest": {
      "last_modified": "2026-08-01T16:34:20Z",
      "resolved": "github:NixOS/nixpkgs/a5cbcfe954791221bfffe2307f7d1a1bf61a871e#yadm",
      "source": "devbox-search",
      "version": "3.5.0",
      "systems": {
        "aarch64-darwin": {
          "outputs": [
            {
              "name": "out",
              "path": "/nix/store/ax96cgfsrpfb0qlz21zmjrzn90nw60ip-yadm-3.5.0",
              "default": true
            }
          ],
          "store_path": "/nix/store/ax96cgfsrpfb0qlz21zmjrzn90nw60ip-yadm-3.5.0"
        },
        "aarch64-linux": {
          "outputs": [
            {
              "name": "out",
              "path": "/nix/store/b9f7gin9plvjs2d4bplp0fn3qbdz9cf0-yadm-3.5.0",
              "default": true
            }
          ],
          "store_path": "/nix/store/b9f7gin9plvjs2d4bplp0fn3qbdz9cf0-yadm-3.5.0"
        },
        "x86_64-darwin": {
          "outputs": [
            {
              "name": "out",
              "path": "/nix/store/bicwmylpg1glw7vjik8fc05mzh5rvw52-yadm-3.5.0",
              "default": true
            }
          ],
          "store_path": "/nix/store/bicwmylpg1glw7vjik8fc05mzh5rvw52-yadm-3.5.0"
        },
        "x86_64-linux": {
          "outputs": [
            {
              "name": "out",
              "path": "/nix/store/hpjmwnvv6pzrkk382ipkv51bigmyyhx7-yadm-3.5.0",
              "default": true
            }
          ],
          "store_path": "/nix/store/hpjmwnvv6pzrkk382ipkv51bigmyyhx7-yadm-3.5.0"
        }
      }
    },
    "yazi@latest": {
      "last_modified": "2026-08-01T16:34:20Z",
      "resolved": "github:NixOS/nixpkgs/a5cbcfe954791221bfffe2307f7d1a1bf61a871e#yazi",
      "source": "devbox-search",
      "version": "26.5.6",
      "systems": {
        "aarch64-darwin": {
          "outputs": [
            {
              "name": "out",
              "path": "/nix/store/mclsyqrm97azq0gybpkbzazhavsp4nd6-yazi-26.5.6",
              "default": true
            }
          ],
          "store_path": "/nix/store/mclsyqrm97azq0gybpkbzazhavsp4nd6-yazi-26.5.6"
        },
        "aarch64-linux": {
          "outputs": [
            {
              "name": "out",
              "path": "/nix/store/agmas580x7y457g0v3v62j4av0v1m0lw-yazi-26.5.6",
              "default": true
            }
          ],
          "store_path": "/nix/store/agmas580x7y457g0v3v62j4av0v1m0lw-yazi-26.5.6"
        },
        "x86_64-darwin": {
          "outputs": [
            {
              "name": "out",
              "path": "/nix/store/xgvzhpgj22j7lpmgvfajqd8zd81csgf8-yazi-26.5.6",
              "default": true
            }
          ],
          "store_path": "/nix/store/xgvzhpgj22j7lpmgvfajqd8zd81csgf8-yazi-26.5.6"
        },
        "x86_64-linux": {
          "outputs": [
            {
              "name": "out",
              "path": "/nix/store/j0qbmbwv131iamqqk8snysxvxn9wlr7y-yazi-26.5.6",
              "default": true
            }
          ],
          "store_path": "/nix/store/j0qbmbwv131iamqqk8snysxvxn9wlr7y-yazi-26.5.6"
        }
      }
    }
  }
}
