{
  "lockfile_version": "1",
  "packages": {
    "bat@latest": {
      "last_modified": "2026-05-21T08:15:18Z",
      "resolved": "github:NixOS/nixpkgs/4a29d733e8a7d5b824c3d8c958a946a9867b3eb2#bat",
      "source": "devbox-search",
      "version": "0.26.1",
      "systems": {
        "aarch64-darwin": {
          "outputs": [
            {
              "name": "out",
              "path": "/nix/store/igwvpssksmqgxlrd2qk93jydvml2171q-bat-0.26.1",
              "default": true
            }
          ],
          "store_path": "/nix/store/igwvpssksmqgxlrd2qk93jydvml2171q-bat-0.26.1"
        },
        "aarch64-linux": {
          "outputs": [
            {
              "name": "out",
              "path": "/nix/store/m2adi6lwf0nkz17p15q7r1wnpkq7x26n-bat-0.26.1",
              "default": true
            }
          ],
          "store_path": "/nix/store/m2adi6lwf0nkz17p15q7r1wnpkq7x26n-bat-0.26.1"
        },
        "x86_64-darwin": {
          "outputs": [
            {
              "name": "out",
              "path": "/nix/store/d8r2dxck0cir3ygz8jbgaak9w41mq3q1-bat-0.26.1",
              "default": true
            }
          ],
          "store_path": "/nix/store/d8r2dxck0cir3ygz8jbgaak9w41mq3q1-bat-0.26.1"
        },
        "x86_64-linux": {
          "outputs": [
            {
              "name": "out",
              "path": "/nix/store/ryfh6hspp28libl3mlw5sv64giq5iasi-bat-0.26.1",
              "default": true
            }
          ],
          "store_path": "/nix/store/ryfh6hspp28libl3mlw5sv64giq5iasi-bat-0.26.1"
        }
      }
    },
    "claude-code@latest": {
      "last_modified": "2026-06-14T16:21:05Z",
      "resolved": "github:NixOS/nixpkgs/9eac87a12312b8f60dd52e1c6e1a265f6fc7f5fc#claude-code",
      "source": "devbox-search",
      "version": "2.1.177",
      "systems": {
        "aarch64-darwin": {
          "outputs": [
            {
              "name": "out",
              "path": "/nix/store/yj3ivk803nib0jxn4ip99rp5pxihhib6-claude-code-2.1.177",
              "default": true
            }
          ],
          "store_path": "/nix/store/yj3ivk803nib0jxn4ip99rp5pxihhib6-claude-code-2.1.177"
        },
        "aarch64-linux": {
          "outputs": [
            {
              "name": "out",
              "path": "/nix/store/jyn64sa04326g64l3n119l8cyxc31pqs-claude-code-2.1.177",
              "default": true
            }
          ],
          "store_path": "/nix/store/jyn64sa04326g64l3n119l8cyxc31pqs-claude-code-2.1.177"
        },
        "x86_64-darwin": {
          "outputs": [
            {
              "name": "out",
              "path": "/nix/store/and9fpg7drh4iwqs6vl4iqhrqlhq2sap-claude-code-2.1.177",
              "default": true
            }
          ],
          "store_path": "/nix/store/and9fpg7drh4iwqs6vl4iqhrqlhq2sap-claude-code-2.1.177"
        },
        "x86_64-linux": {
          "outputs": [
            {
              "name": "out",
              "path": "/nix/store/l77h98crmjn77dgnz9r7i0xrkxf8m4kq-claude-code-2.1.177",
              "default": true
            }
          ],
          "store_path": "/nix/store/l77h98crmjn77dgnz9r7i0xrkxf8m4kq-claude-code-2.1.177"
        }
      }
    },
    "delta@latest": {
      "last_modified": "2026-05-21T08:15:18Z",
      "resolved": "github:NixOS/nixpkgs/4a29d733e8a7d5b824c3d8c958a946a9867b3eb2#delta",
      "source": "devbox-search",
      "version": "0.19.2",
      "systems": {
        "aarch64-darwin": {
          "outputs": [
            {
              "name": "out",
              "path": "/nix/store/7nnw2hibzkhgljz73qqlqm468hjki7c3-delta-0.19.2",
              "default": true
            }
          ],
          "store_path": "/nix/store/7nnw2hibzkhgljz73qqlqm468hjki7c3-delta-0.19.2"
        },
        "aarch64-linux": {
          "outputs": [
            {
              "name": "out",
              "path": "/nix/store/4045rv94jfkgb1fb1pd63hdzkd86a7my-delta-0.19.2",
              "default": true
            }
          ],
          "store_path": "/nix/store/4045rv94jfkgb1fb1pd63hdzkd86a7my-delta-0.19.2"
        },
        "x86_64-darwin": {
          "outputs": [
            {
              "name": "out",
              "path": "/nix/store/n3ybw7271y7n22wk1lhkaix8f6xh9i57-delta-0.19.2",
              "default": true
            }
          ],
          "store_path": "/nix/store/n3ybw7271y7n22wk1lhkaix8f6xh9i57-delta-0.19.2"
        },
        "x86_64-linux": {
          "outputs": [
            {
              "name": "out",
              "path": "/nix/store/hbxz2p9qsjq7hjmj41p40saanlih22bd-delta-0.19.2",
              "default": true
            }
          ],
          "store_path": "/nix/store/hbxz2p9qsjq7hjmj41p40saanlih22bd-delta-0.19.2"
        }
      }
    },
    "eza@latest": {
      "last_modified": "2026-05-21T08:15:18Z",
      "resolved": "github:NixOS/nixpkgs/4a29d733e8a7d5b824c3d8c958a946a9867b3eb2#eza",
      "source": "devbox-search",
      "version": "0.23.4",
      "systems": {
        "aarch64-darwin": {
          "outputs": [
            {
              "name": "out",
              "path": "/nix/store/6ff1y43yljwcqgr4xm6729jk50cmym38-eza-0.23.4",
              "default": true
            },
            {
              "name": "man",
              "path": "/nix/store/ndwldkwzmsk5vpwiil4jr1gmhhyfyyap-eza-0.23.4-man",
              "default": true
            }
          ],
          "store_path": "/nix/store/6ff1y43yljwcqgr4xm6729jk50cmym38-eza-0.23.4"
        },
        "aarch64-linux": {
          "outputs": [
            {
              "name": "out",
              "path": "/nix/store/bs6bccgimshxlcq3k0cfcb05x18jfkjb-eza-0.23.4",
              "default": true
            },
            {
              "name": "man",
              "path": "/nix/store/bfbjq8cgm7yph11k7whbccmzxdhal7n0-eza-0.23.4-man",
              "default": true
            }
          ],
          "store_path": "/nix/store/bs6bccgimshxlcq3k0cfcb05x18jfkjb-eza-0.23.4"
        },
        "x86_64-darwin": {
          "outputs": [
            {
              "name": "out",
              "path": "/nix/store/wbbip9wkmiq4cxnzj628jziqgpfafj0v-eza-0.23.4",
              "default": true
            },
            {
              "name": "man",
              "path": "/nix/store/1pvkh2ly8glv9ymw78gxqa7r41l5fv5i-eza-0.23.4-man",
              "default": true
            }
          ],
          "store_path": "/nix/store/wbbip9wkmiq4cxnzj628jziqgpfafj0v-eza-0.23.4"
        },
        "x86_64-linux": {
          "outputs": [
            {
              "name": "out",
              "path": "/nix/store/algax0xxwi6vdl6m63zpz9wz4p2hknqk-eza-0.23.4",
              "default": true
            },
            {
              "name": "man",
              "path": "/nix/store/l94fhh9kb92y98mvqvbgpcdp62ffigmx-eza-0.23.4-man",
              "default": true
            }
          ],
          "store_path": "/nix/store/algax0xxwi6vdl6m63zpz9wz4p2hknqk-eza-0.23.4"
        }
      }
    },
    "fd@latest": {
      "last_modified": "2026-05-21T08:15:18Z",
      "resolved": "github:NixOS/nixpkgs/4a29d733e8a7d5b824c3d8c958a946a9867b3eb2#fd",
      "source": "devbox-search",
      "version": "10.4.2",
      "systems": {
        "aarch64-darwin": {
          "outputs": [
            {
              "name": "out",
              "path": "/nix/store/h07wyxfpicdwj0j3xbg9841hd0grb9sy-fd-10.4.2",
              "default": true
            }
          ],
          "store_path": "/nix/store/h07wyxfpicdwj0j3xbg9841hd0grb9sy-fd-10.4.2"
        },
        "aarch64-linux": {
          "outputs": [
            {
              "name": "out",
              "path": "/nix/store/493wwp79iq7db1dy1gj3a9dpazh17v42-fd-10.4.2",
              "default": true
            }
          ],
          "store_path": "/nix/store/493wwp79iq7db1dy1gj3a9dpazh17v42-fd-10.4.2"
        },
        "x86_64-darwin": {
          "outputs": [
            {
              "name": "out",
              "path": "/nix/store/h350vnmjbhxgiqm4v7hihq43kk7ixswk-fd-10.4.2",
              "default": true
            }
          ],
          "store_path": "/nix/store/h350vnmjbhxgiqm4v7hihq43kk7ixswk-fd-10.4.2"
        },
        "x86_64-linux": {
          "outputs": [
            {
              "name": "out",
              "path": "/nix/store/wci2b3l9gs8nq3alx6czffsq55bg44cv-fd-10.4.2",
              "default": true
            }
          ],
          "store_path": "/nix/store/wci2b3l9gs8nq3alx6czffsq55bg44cv-fd-10.4.2"
        }
      }
    },
    "fzf@latest": {
      "last_modified": "2026-05-26T09:13:58Z",
      "resolved": "github:NixOS/nixpkgs/f44f7788c891fbe5542177df78374f8cdab10e8f#fzf",
      "source": "devbox-search",
      "version": "0.73.1",
      "systems": {
        "aarch64-darwin": {
          "outputs": [
            {
              "name": "out",
              "path": "/nix/store/4jcic7myfdi8vhcs4ai9vf9zyslnhnqn-fzf-0.73.1",
              "default": true
            },
            {
              "name": "man",
              "path": "/nix/store/p654irq8pna66fb19jz7x1w9yqgam8q5-fzf-0.73.1-man",
              "default": true
            }
          ],
          "store_path": "/nix/store/4jcic7myfdi8vhcs4ai9vf9zyslnhnqn-fzf-0.73.1"
        },
        "aarch64-linux": {
          "outputs": [
            {
              "name": "out",
              "path": "/nix/store/y50c3w1v45yqh2r3npgmdzrr9n0wsic7-fzf-0.73.1",
              "default": true
            },
            {
              "name": "man",
              "path": "/nix/store/sbibqmv57hifih7074wys9a6by3n0haw-fzf-0.73.1-man",
              "default": true
            }
          ],
          "store_path": "/nix/store/y50c3w1v45yqh2r3npgmdzrr9n0wsic7-fzf-0.73.1"
        },
        "x86_64-darwin": {
          "outputs": [
            {
              "name": "out",
              "path": "/nix/store/qzqqlwzfizhqs87yds3ln2l47w09j4qi-fzf-0.73.1",
              "default": true
            },
            {
              "name": "man",
              "path": "/nix/store/f1bidnbqzpcyfa9h4v36mdgc8n75fqfy-fzf-0.73.1-man",
              "default": true
            }
          ],
          "store_path": "/nix/store/qzqqlwzfizhqs87yds3ln2l47w09j4qi-fzf-0.73.1"
        },
        "x86_64-linux": {
          "outputs": [
            {
              "name": "out",
              "path": "/nix/store/pmddi2yfyf2ldrngm9yr4qa2q8mssa59-fzf-0.73.1",
              "default": true
            },
            {
              "name": "man",
              "path": "/nix/store/v4rwmla9l2b02373vpyq5lskdffhjfgx-fzf-0.73.1-man",
              "default": true
            }
          ],
          "store_path": "/nix/store/pmddi2yfyf2ldrngm9yr4qa2q8mssa59-fzf-0.73.1"
        }
      }
    },
    "gh@latest": {
      "last_modified": "2026-05-21T08:15:18Z",
      "resolved": "github:NixOS/nixpkgs/4a29d733e8a7d5b824c3d8c958a946a9867b3eb2#gh",
      "source": "devbox-search",
      "version": "2.92.0",
      "systems": {
        "aarch64-darwin": {
          "outputs": [
            {
              "name": "out",
              "path": "/nix/store/2wapk3dm2magc0lq8rx8yd5pam3xlacw-gh-2.92.0",
              "default": true
            }
          ],
          "store_path": "/nix/store/2wapk3dm2magc0lq8rx8yd5pam3xlacw-gh-2.92.0"
        },
        "aarch64-linux": {
          "outputs": [
            {
              "name": "out",
              "path": "/nix/store/63sx2manc3ny8l4zzppcvz9292vi3044-gh-2.92.0",
              "default": true
            }
          ],
          "store_path": "/nix/store/63sx2manc3ny8l4zzppcvz9292vi3044-gh-2.92.0"
        },
        "x86_64-darwin": {
          "outputs": [
            {
              "name": "out",
              "path": "/nix/store/arfkhrr2bcmdrg6ncgnk6vaqx6qfv3vl-gh-2.92.0",
              "default": true
            }
          ],
          "store_path": "/nix/store/arfkhrr2bcmdrg6ncgnk6vaqx6qfv3vl-gh-2.92.0"
        },
        "x86_64-linux": {
          "outputs": [
            {
              "name": "out",
              "path": "/nix/store/d0r9xzcpv8xcjds6z1w03wyqi6iv30af-gh-2.92.0",
              "default": true
            }
          ],
          "store_path": "/nix/store/d0r9xzcpv8xcjds6z1w03wyqi6iv30af-gh-2.92.0"
        }
      }
    },
    "git@latest": {
      "last_modified": "2026-05-26T09:13:58Z",
      "resolved": "github:NixOS/nixpkgs/f44f7788c891fbe5542177df78374f8cdab10e8f#git",
      "source": "devbox-search",
      "version": "2.54.0",
      "systems": {
        "aarch64-darwin": {
          "outputs": [
            {
              "name": "out",
              "path": "/nix/store/a14yxcqvv9x2l9mllgpirzhvz93pgprg-git-2.54.0",
              "default": true
            },
            {
              "name": "doc",
              "path": "/nix/store/zn8gmbxxf5398hxg6y6nk5jimj85qj69-git-2.54.0-doc"
            }
          ],
          "store_path": "/nix/store/a14yxcqvv9x2l9mllgpirzhvz93pgprg-git-2.54.0"
        },
        "aarch64-linux": {
          "outputs": [
            {
              "name": "out",
              "path": "/nix/store/ixp98f9avf8ikpdrmp40cj33g0dazyp9-git-2.54.0",
              "default": true
            },
            {
              "name": "debug",
              "path": "/nix/store/c7mafmqf28l7898rpbqqkd0p3m42hc03-git-2.54.0-debug"
            },
            {
              "name": "doc",
              "path": "/nix/store/klwr4n2snj7ldlpkhwarwlif80myx0vj-git-2.54.0-doc"
            }
          ],
          "store_path": "/nix/store/ixp98f9avf8ikpdrmp40cj33g0dazyp9-git-2.54.0"
        },
        "x86_64-darwin": {
          "outputs": [
            {
              "name": "out",
              "path": "/nix/store/s9lsrlgwr3sabw9a2dl3laykas0ijk85-git-2.54.0",
              "default": true
            },
            {
              "name": "doc",
              "path": "/nix/store/agyxy5ay4x06b52mj24rz44fc82328ha-git-2.54.0-doc"
            }
          ],
          "store_path": "/nix/store/s9lsrlgwr3sabw9a2dl3laykas0ijk85-git-2.54.0"
        },
        "x86_64-linux": {
          "outputs": [
            {
              "name": "out",
              "path": "/nix/store/bcnisk3ydfgv26v2gw3zlky24g00yww2-git-2.54.0",
              "default": true
            },
            {
              "name": "debug",
              "path": "/nix/store/72fyakk8w8idjbksk0h8jbkq6sgvcm85-git-2.54.0-debug"
            },
            {
              "name": "doc",
              "path": "/nix/store/l444690y78nfdwyzm6mghagl7xa97myf-git-2.54.0-doc"
            }
          ],
          "store_path": "/nix/store/bcnisk3ydfgv26v2gw3zlky24g00yww2-git-2.54.0"
        }
      }
    },
    "github:NixOS/nixpkgs/ccb635f945aa6d34300627e70633878645db2db3": {
      "last_modified": "1970-01-01T00:00:00Z",
      "resolved": "github:NixOS/nixpkgs/ccb635f945aa6d34300627e70633878645db2db3"
    },
    "hexyl@latest": {
      "last_modified": "2026-05-21T08:15:18Z",
      "resolved": "github:NixOS/nixpkgs/4a29d733e8a7d5b824c3d8c958a946a9867b3eb2#hexyl",
      "source": "devbox-search",
      "version": "0.17.0",
      "systems": {
        "aarch64-darwin": {
          "outputs": [
            {
              "name": "out",
              "path": "/nix/store/kb0z9vsa41lfcr602m4wbm90mnn4411k-hexyl-0.17.0",
              "default": true
            }
          ],
          "store_path": "/nix/store/kb0z9vsa41lfcr602m4wbm90mnn4411k-hexyl-0.17.0"
        },
        "aarch64-linux": {
          "outputs": [
            {
              "name": "out",
              "path": "/nix/store/2knhc05rvdcxrssc9hv47a6xllp5bgfj-hexyl-0.17.0",
              "default": true
            }
          ],
          "store_path": "/nix/store/2knhc05rvdcxrssc9hv47a6xllp5bgfj-hexyl-0.17.0"
        },
        "x86_64-darwin": {
          "outputs": [
            {
              "name": "out",
              "path": "/nix/store/nfhwb2ja8kvqsm5ssgvmg2klzfxnhiah-hexyl-0.17.0",
              "default": true
            }
          ],
          "store_path": "/nix/store/nfhwb2ja8kvqsm5ssgvmg2klzfxnhiah-hexyl-0.17.0"
        },
        "x86_64-linux": {
          "outputs": [
            {
              "name": "out",
              "path": "/nix/store/zw6xphyfqnv7nmmixx5kfd64p1y6bakl-hexyl-0.17.0",
              "default": true
            }
          ],
          "store_path": "/nix/store/zw6xphyfqnv7nmmixx5kfd64p1y6bakl-hexyl-0.17.0"
        }
      }
    },
    "jq@latest": {
      "last_modified": "2026-05-26T09:13:58Z",
      "resolved": "github:NixOS/nixpkgs/f44f7788c891fbe5542177df78374f8cdab10e8f#jq",
      "source": "devbox-search",
      "version": "1.8.1",
      "systems": {
        "aarch64-darwin": {
          "outputs": [
            {
              "name": "bin",
              "path": "/nix/store/d551vj6hjc2bqiyg8dim6lv1v1xw7841-jq-1.8.1-bin",
              "default": true
            },
            {
              "name": "man",
              "path": "/nix/store/cyykpwx7q87ryqyhkz4slm163300rzjh-jq-1.8.1-man",
              "default": true
            },
            {
              "name": "dev",
              "path": "/nix/store/dy2cgp8adlm5gl3hkpykcgccv4dlhawb-jq-1.8.1-dev"
            },
            {
              "name": "doc",
              "path": "/nix/store/afjz34n0jz7a0zjjp6qkvnxqph53ifbw-jq-1.8.1-doc"
            },
            {
              "name": "out",
              "path": "/nix/store/yj3m8xi9h48mz4i7732zcwbqbb8bl402-jq-1.8.1"
            }
          ],
          "store_path": "/nix/store/d551vj6hjc2bqiyg8dim6lv1v1xw7841-jq-1.8.1-bin"
        },
        "aarch64-linux": {
          "outputs": [
            {
              "name": "bin",
              "path": "/nix/store/d6mx57dmjq61j69ap45f6fm3jb0lslyc-jq-1.8.1-bin",
              "default": true
            },
            {
              "name": "man",
              "path": "/nix/store/bnwzc47h7zhc3zwkjmy4br8jd2ki9pyj-jq-1.8.1-man",
              "default": true
            },
            {
              "name": "dev",
              "path": "/nix/store/qv69wdjr2zd2w6yg5n8lxfn6c8mg4bwf-jq-1.8.1-dev"
            },
            {
              "name": "doc",
              "path": "/nix/store/fway55wsvvly58sz7zn7vlq68v0q1ig3-jq-1.8.1-doc"
            },
            {
              "name": "out",
              "path": "/nix/store/6y9n87w9lsk3x0fscm6kfirk3ssc0syr-jq-1.8.1"
            }
          ],
          "store_path": "/nix/store/d6mx57dmjq61j69ap45f6fm3jb0lslyc-jq-1.8.1-bin"
        },
        "x86_64-darwin": {
          "outputs": [
            {
              "name": "bin",
              "path": "/nix/store/pnm2frw3jwfrlycf730z5bfgixiyjal4-jq-1.8.1-bin",
              "default": true
            },
            {
              "name": "man",
              "path": "/nix/store/0yyamki3lhy0rp6vn45mn6cdhqb2c64a-jq-1.8.1-man",
              "default": true
            },
            {
              "name": "out",
              "path": "/nix/store/8c9m07iqwczlfzx1sk0c5g2a9nnzvhc3-jq-1.8.1"
            },
            {
              "name": "dev",
              "path": "/nix/store/hg1vhcfr1lwv39vn84cijdn187jmcfnj-jq-1.8.1-dev"
            },
            {
              "name": "doc",
              "path": "/nix/store/mzarfihn2c84s6qw7zp0rbbj7hb09dv2-jq-1.8.1-doc"
            }
          ],
          "store_path": "/nix/store/pnm2frw3jwfrlycf730z5bfgixiyjal4-jq-1.8.1-bin"
        },
        "x86_64-linux": {
          "outputs": [
            {
              "name": "bin",
              "path": "/nix/store/s04d6wm3kqjdgr7zdhlk214f6a2291ks-jq-1.8.1-bin",
              "default": true
            },
            {
              "name": "man",
              "path": "/nix/store/ncw52xsl5hgplh8csybbp9fli64iw1aq-jq-1.8.1-man",
              "default": true
            },
            {
              "name": "dev",
              "path": "/nix/store/fmsvbcz2s85pmszdvwp4mhlamiv5lnzg-jq-1.8.1-dev"
            },
            {
              "name": "doc",
              "path": "/nix/store/hhh2h4x4rhh6qbqa6620bvhz652cgw4m-jq-1.8.1-doc"
            },
            {
              "name": "out",
              "path": "/nix/store/7a1hndk12kz9wwh9sz8hzkkwgxq6rrnk-jq-1.8.1"
            }
          ],
          "store_path": "/nix/store/s04d6wm3kqjdgr7zdhlk214f6a2291ks-jq-1.8.1-bin"
        }
      }
    },
    "luarocks@latest": {
      "last_modified": "2023-02-24T09:01:09Z",
      "resolved": "github:NixOS/nixpkgs/7d0ed7f2e5aea07ab22ccb338d27fbe347ed2f11#luarocks",
      "source": "devbox-search",
      "version": "3.9.1",
      "systems": {
        "x86_64-linux": {
          "outputs": [
            {
              "path": "/nix/store/p9ma631145gniixlym6x09zr97q3m5h1-luarocks-3.9.1",
              "default": true
            }
          ]
        }
      }
    },
    "neovim@latest": {
      "last_modified": "2026-07-08T21:13:06Z",
      "resolved": "github:NixOS/nixpkgs/389ed85304b281ca7f306cf8a1eb4378651ca44e#neovim",
      "source": "devbox-search",
      "version": "0.12.4",
      "systems": {
        "aarch64-darwin": {
          "outputs": [
            {
              "name": "out",
              "path": "/nix/store/qa69nvgf2lnc9wnp4j836162z1l4q7v2-neovim-0.12.4",
              "default": true
            }
          ],
          "store_path": "/nix/store/qa69nvgf2lnc9wnp4j836162z1l4q7v2-neovim-0.12.4"
        },
        "aarch64-linux": {
          "outputs": [
            {
              "name": "out",
              "path": "/nix/store/2zsx432ccv28yy810l03j14zgcwiclf6-neovim-0.12.4",
              "default": true
            }
          ],
          "store_path": "/nix/store/2zsx432ccv28yy810l03j14zgcwiclf6-neovim-0.12.4"
        },
        "x86_64-darwin": {
          "outputs": [
            {
              "name": "out",
              "path": "/nix/store/qaylcpy5afhc6mgxhc50yj0gh0smx9h4-neovim-0.12.4",
              "default": true
            }
          ],
          "store_path": "/nix/store/qaylcpy5afhc6mgxhc50yj0gh0smx9h4-neovim-0.12.4"
        },
        "x86_64-linux": {
          "outputs": [
            {
              "name": "out",
              "path": "/nix/store/pblln96m3fwl041drh0id31dcv0i78m9-neovim-0.12.4",
              "default": true
            }
          ],
          "store_path": "/nix/store/pblln96m3fwl041drh0id31dcv0i78m9-neovim-0.12.4"
        }
      }
    },
    "nodejs@latest": {
      "last_modified": "2026-05-21T08:15:18Z",
      "plugin_version": "0.0.4",
      "resolved": "github:NixOS/nixpkgs/4a29d733e8a7d5b824c3d8c958a946a9867b3eb2#nodejs_26",
      "source": "devbox-search",
      "version": "26.2.0",
      "systems": {
        "aarch64-darwin": {
          "outputs": [
            {
              "name": "out",
              "path": "/nix/store/ng3asxryh41z2bbyv42qz86ziy6fk3r2-nodejs-26.2.0",
              "default": true
            }
          ],
          "store_path": "/nix/store/ng3asxryh41z2bbyv42qz86ziy6fk3r2-nodejs-26.2.0"
        },
        "aarch64-linux": {
          "outputs": [
            {
              "name": "out",
              "path": "/nix/store/0aig3msypgcn18jxqhzmci1acam3gs5b-nodejs-26.2.0",
              "default": true
            }
          ],
          "store_path": "/nix/store/0aig3msypgcn18jxqhzmci1acam3gs5b-nodejs-26.2.0"
        },
        "x86_64-darwin": {
          "outputs": [
            {
              "name": "out",
              "path": "/nix/store/7maj7y73f78q8k7f58f6bqbalhzg3ijy-nodejs-26.2.0",
              "default": true
            }
          ],
          "store_path": "/nix/store/7maj7y73f78q8k7f58f6bqbalhzg3ijy-nodejs-26.2.0"
        },
        "x86_64-linux": {
          "outputs": [
            {
              "name": "out",
              "path": "/nix/store/6b8rp3jvsq1am7d0bx8xz2dpyb45nbp2-nodejs-26.2.0",
              "default": true
            }
          ],
          "store_path": "/nix/store/6b8rp3jvsq1am7d0bx8xz2dpyb45nbp2-nodejs-26.2.0"
        }
      }
    },
    "opencode@latest": {
      "last_modified": "2026-05-27T10:28:13Z",
      "resolved": "github:NixOS/nixpkgs/4100e830e085863741bc69b156ec4ccd53ab5be0#opencode",
      "source": "devbox-search",
      "version": "1.15.11",
      "systems": {
        "aarch64-darwin": {
          "outputs": [
            {
              "name": "out",
              "path": "/nix/store/cpc1xsvv08azx11c8y6zp68xv1czdkfr-opencode-1.15.11",
              "default": true
            }
          ],
          "store_path": "/nix/store/cpc1xsvv08azx11c8y6zp68xv1czdkfr-opencode-1.15.11"
        },
        "aarch64-linux": {
          "outputs": [
            {
              "name": "out",
              "path": "/nix/store/nvkrxr8zvid9hjv8i20zzrd0aimms4qy-opencode-1.15.11",
              "default": true
            }
          ],
          "store_path": "/nix/store/nvkrxr8zvid9hjv8i20zzrd0aimms4qy-opencode-1.15.11"
        },
        "x86_64-linux": {
          "outputs": [
            {
              "name": "out",
              "path": "/nix/store/0yb4fq18nns6yza5vzqjkvwcmfdwpj44-opencode-1.15.11",
              "default": true
            }
          ],
          "store_path": "/nix/store/0yb4fq18nns6yza5vzqjkvwcmfdwpj44-opencode-1.15.11"
        }
      }
    },
    "pixi@latest": {
      "last_modified": "2026-05-27T10:28:13Z",
      "resolved": "github:NixOS/nixpkgs/4100e830e085863741bc69b156ec4ccd53ab5be0#pixi",
      "source": "devbox-search",
      "version": "0.69.0",
      "systems": {
        "aarch64-darwin": {
          "outputs": [
            {
              "name": "out",
              "path": "/nix/store/d59qm2vyh80yd5kzxhp5hlbynw26d946-pixi-0.69.0",
              "default": true
            }
          ],
          "store_path": "/nix/store/d59qm2vyh80yd5kzxhp5hlbynw26d946-pixi-0.69.0"
        },
        "aarch64-linux": {
          "outputs": [
            {
              "name": "out",
              "path": "/nix/store/qvq1gb3477qiqq2rdalqjs60bi68frmr-pixi-0.69.0",
              "default": true
            }
          ],
          "store_path": "/nix/store/qvq1gb3477qiqq2rdalqjs60bi68frmr-pixi-0.69.0"
        },
        "x86_64-darwin": {
          "outputs": [
            {
              "name": "out",
              "path": "/nix/store/70gdic6h5v9vvmwb5dwr7sx7r0hy2rng-pixi-0.69.0",
              "default": true
            }
          ],
          "store_path": "/nix/store/70gdic6h5v9vvmwb5dwr7sx7r0hy2rng-pixi-0.69.0"
        },
        "x86_64-linux": {
          "outputs": [
            {
              "name": "out",
              "path": "/nix/store/rjjzmimh1rfwpqrms2r4b27nkxy3cxdv-pixi-0.69.0",
              "default": true
            }
          ],
          "store_path": "/nix/store/rjjzmimh1rfwpqrms2r4b27nkxy3cxdv-pixi-0.69.0"
        }
      }
    },
    "podman@latest": {
      "last_modified": "2026-06-28T17:12:19Z",
      "resolved": "github:NixOS/nixpkgs/534ee3d8beb1737b5342995f8837e2b2705ce0d8#podman",
      "source": "devbox-search",
      "version": "5.8.4",
      "systems": {
        "aarch64-linux": {
          "outputs": [
            {
              "name": "out",
              "path": "/nix/store/v4igh71l48jffh8365yzf5zsvvgwjw22-podman-5.8.4",
              "default": true
            },
            {
              "name": "man",
              "path": "/nix/store/x402aq192rsq51q6n86z4ibsng58s9p5-podman-5.8.4-man",
              "default": true
            }
          ],
          "store_path": "/nix/store/v4igh71l48jffh8365yzf5zsvvgwjw22-podman-5.8.4"
        },
        "x86_64-linux": {
          "outputs": [
            {
              "name": "out",
              "path": "/nix/store/9r9fzfgrdwsgshz4rpv2093y4lv3nrfh-podman-5.8.4",
              "default": true
            },
            {
              "name": "man",
              "path": "/nix/store/hxnj6bx3kfay36jf6ds7i60j40h5db9q-podman-5.8.4-man",
              "default": true
            }
          ],
          "store_path": "/nix/store/9r9fzfgrdwsgshz4rpv2093y4lv3nrfh-podman-5.8.4"
        }
      }
    },
    "ripgrep@latest": {
      "last_modified": "2026-05-21T08:15:18Z",
      "resolved": "github:NixOS/nixpkgs/4a29d733e8a7d5b824c3d8c958a946a9867b3eb2#ripgrep",
      "source": "devbox-search",
      "version": "15.1.0",
      "systems": {
        "aarch64-darwin": {
          "outputs": [
            {
              "name": "out",
              "path": "/nix/store/8k3a39k5wxvch0ir2lb1pskvwing02lq-ripgrep-15.1.0",
              "default": true
            }
          ],
          "store_path": "/nix/store/8k3a39k5wxvch0ir2lb1pskvwing02lq-ripgrep-15.1.0"
        },
        "aarch64-linux": {
          "outputs": [
            {
              "name": "out",
              "path": "/nix/store/ayxgmx0yf8mjfym3jprkkrjql1hyh8wy-ripgrep-15.1.0",
              "default": true
            }
          ],
          "store_path": "/nix/store/ayxgmx0yf8mjfym3jprkkrjql1hyh8wy-ripgrep-15.1.0"
        },
        "x86_64-darwin": {
          "outputs": [
            {
              "name": "out",
              "path": "/nix/store/ra0dsj16fbhgkymvpa84wvhbqdvw7lq7-ripgrep-15.1.0",
              "default": true
            }
          ],
          "store_path": "/nix/store/ra0dsj16fbhgkymvpa84wvhbqdvw7lq7-ripgrep-15.1.0"
        },
        "x86_64-linux": {
          "outputs": [
            {
              "name": "out",
              "path": "/nix/store/ixsp81bia5w1fqd2d59vwbcfqk3n5231-ripgrep-15.1.0",
              "default": true
            }
          ],
          "store_path": "/nix/store/ixsp81bia5w1fqd2d59vwbcfqk3n5231-ripgrep-15.1.0"
        }
      }
    },
    "silver-searcher@latest": {
      "last_modified": "2026-05-21T08:15:18Z",
      "resolved": "github:NixOS/nixpkgs/4a29d733e8a7d5b824c3d8c958a946a9867b3eb2#silver-searcher",
      "source": "devbox-search",
      "version": "2.2.0",
      "systems": {
        "aarch64-darwin": {
          "outputs": [
            {
              "name": "out",
              "path": "/nix/store/picnih676x82laxnp4zwgjfi32pm4hq5-silver-searcher-2.2.0",
              "default": true
            }
          ],
          "store_path": "/nix/store/picnih676x82laxnp4zwgjfi32pm4hq5-silver-searcher-2.2.0"
        },
        "aarch64-linux": {
          "outputs": [
            {
              "name": "out",
              "path": "/nix/store/4af6vwsf3c9v6ixd4m66mk4fvz8z0ybx-silver-searcher-2.2.0",
              "default": true
            }
          ],
          "store_path": "/nix/store/4af6vwsf3c9v6ixd4m66mk4fvz8z0ybx-silver-searcher-2.2.0"
        },
        "x86_64-darwin": {
          "outputs": [
            {
              "name": "out",
              "path": "/nix/store/njayrvmcjrbhsz93jk0yrkqd71xq0rl3-silver-searcher-2.2.0",
              "default": true
            }
          ],
          "store_path": "/nix/store/njayrvmcjrbhsz93jk0yrkqd71xq0rl3-silver-searcher-2.2.0"
        },
        "x86_64-linux": {
          "outputs": [
            {
              "name": "out",
              "path": "/nix/store/q21ssf7nych851fscwsi0l9bkam1r0bc-silver-searcher-2.2.0",
              "default": true
            }
          ],
          "store_path": "/nix/store/q21ssf7nych851fscwsi0l9bkam1r0bc-silver-searcher-2.2.0"
        }
      }
    },
    "starship@latest": {
      "last_modified": "2026-05-21T08:15:18Z",
      "resolved": "github:NixOS/nixpkgs/4a29d733e8a7d5b824c3d8c958a946a9867b3eb2#starship",
      "source": "devbox-search",
      "version": "1.25.1",
      "systems": {
        "aarch64-darwin": {
          "outputs": [
            {
              "name": "out",
              "path": "/nix/store/m9f8j44821984d29dwn1rbscq8sv1ibq-starship-1.25.1",
              "default": true
            }
          ],
          "store_path": "/nix/store/m9f8j44821984d29dwn1rbscq8sv1ibq-starship-1.25.1"
        },
        "aarch64-linux": {
          "outputs": [
            {
              "name": "out",
              "path": "/nix/store/mvabjbivq379qb7lfl70idb6qjlxi2h0-starship-1.25.1",
              "default": true
            }
          ],
          "store_path": "/nix/store/mvabjbivq379qb7lfl70idb6qjlxi2h0-starship-1.25.1"
        },
        "x86_64-darwin": {
          "outputs": [
            {
              "name": "out",
              "path": "/nix/store/vvgxw2s2pcxkpsrh3p8kq5h8yaxra0ga-starship-1.25.1",
              "default": true
            }
          ],
          "store_path": "/nix/store/vvgxw2s2pcxkpsrh3p8kq5h8yaxra0ga-starship-1.25.1"
        },
        "x86_64-linux": {
          "outputs": [
            {
              "name": "out",
              "path": "/nix/store/2iyzhxjwbpir2n2xaqgq14v8455kbrri-starship-1.25.1",
              "default": true
            }
          ],
          "store_path": "/nix/store/2iyzhxjwbpir2n2xaqgq14v8455kbrri-starship-1.25.1"
        }
      }
    },
    "tree-sitter@latest": {
      "last_modified": "2026-05-21T08:15:18Z",
      "resolved": "github:NixOS/nixpkgs/4a29d733e8a7d5b824c3d8c958a946a9867b3eb2#tree-sitter",
      "source": "devbox-search",
      "version": "0.26.8",
      "systems": {
        "aarch64-darwin": {
          "outputs": [
            {
              "name": "out",
              "path": "/nix/store/vbbxvfdkym0dshkwfn88wb8z1p8xq80m-tree-sitter-0.26.8",
              "default": true
            }
          ],
          "store_path": "/nix/store/vbbxvfdkym0dshkwfn88wb8z1p8xq80m-tree-sitter-0.26.8"
        },
        "aarch64-linux": {
          "outputs": [
            {
              "name": "out",
              "path": "/nix/store/hcvqy6arnxdaad1y346l8p7hzkxbr49w-tree-sitter-0.26.8",
              "default": true
            }
          ],
          "store_path": "/nix/store/hcvqy6arnxdaad1y346l8p7hzkxbr49w-tree-sitter-0.26.8"
        },
        "x86_64-darwin": {
          "outputs": [
            {
              "name": "out",
              "path": "/nix/store/9ncxkbybq60jqzhyzrvc3gjvz5sj0943-tree-sitter-0.26.8",
              "default": true
            }
          ],
          "store_path": "/nix/store/9ncxkbybq60jqzhyzrvc3gjvz5sj0943-tree-sitter-0.26.8"
        },
        "x86_64-linux": {
          "outputs": [
            {
              "name": "out",
              "path": "/nix/store/mhfg521pqd9zpcy1pwhggjwgnjy4r5gz-tree-sitter-0.26.8",
              "default": true
            }
          ],
          "store_path": "/nix/store/mhfg521pqd9zpcy1pwhggjwgnjy4r5gz-tree-sitter-0.26.8"
        }
      }
    },
    "yadm@latest": {
      "last_modified": "2026-05-27T10:28:13Z",
      "resolved": "github:NixOS/nixpkgs/4100e830e085863741bc69b156ec4ccd53ab5be0#yadm",
      "source": "devbox-search",
      "version": "3.5.0",
      "systems": {
        "aarch64-darwin": {
          "outputs": [
            {
              "name": "out",
              "path": "/nix/store/gylh3lkn5aykcrl7a1g8lq5xdn95h5d8-yadm-3.5.0",
              "default": true
            }
          ],
          "store_path": "/nix/store/gylh3lkn5aykcrl7a1g8lq5xdn95h5d8-yadm-3.5.0"
        },
        "aarch64-linux": {
          "outputs": [
            {
              "name": "out",
              "path": "/nix/store/yymyn74cdh60r7zqw251n781vjr8rkah-yadm-3.5.0",
              "default": true
            }
          ],
          "store_path": "/nix/store/yymyn74cdh60r7zqw251n781vjr8rkah-yadm-3.5.0"
        },
        "x86_64-darwin": {
          "outputs": [
            {
              "name": "out",
              "path": "/nix/store/53xq316rvkz965c51jwrj3k6xmpi7kp0-yadm-3.5.0",
              "default": true
            }
          ],
          "store_path": "/nix/store/53xq316rvkz965c51jwrj3k6xmpi7kp0-yadm-3.5.0"
        },
        "x86_64-linux": {
          "outputs": [
            {
              "name": "out",
              "path": "/nix/store/xxi8bxz7f9ahgfildrrzy8qcjx5jf3fp-yadm-3.5.0",
              "default": true
            }
          ],
          "store_path": "/nix/store/xxi8bxz7f9ahgfildrrzy8qcjx5jf3fp-yadm-3.5.0"
        }
      }
    },
    "yazi@latest": {
      "last_modified": "2026-05-26T09:13:58Z",
      "resolved": "github:NixOS/nixpkgs/f44f7788c891fbe5542177df78374f8cdab10e8f#yazi",
      "source": "devbox-search",
      "version": "26.5.6",
      "systems": {
        "aarch64-darwin": {
          "outputs": [
            {
              "name": "out",
              "path": "/nix/store/z49bh2avk7x6ad142kj0vf57mwzyiyxn-yazi-26.5.6",
              "default": true
            }
          ],
          "store_path": "/nix/store/z49bh2avk7x6ad142kj0vf57mwzyiyxn-yazi-26.5.6"
        },
        "aarch64-linux": {
          "outputs": [
            {
              "name": "out",
              "path": "/nix/store/96zg75s3rcndra1694d91pq8hf7drr7z-yazi-26.5.6",
              "default": true
            }
          ],
          "store_path": "/nix/store/96zg75s3rcndra1694d91pq8hf7drr7z-yazi-26.5.6"
        },
        "x86_64-darwin": {
          "outputs": [
            {
              "name": "out",
              "path": "/nix/store/8ihihmzs4w32cslxjj8w3097vzmd4pnh-yazi-26.5.6",
              "default": true
            }
          ],
          "store_path": "/nix/store/8ihihmzs4w32cslxjj8w3097vzmd4pnh-yazi-26.5.6"
        },
        "x86_64-linux": {
          "outputs": [
            {
              "name": "out",
              "path": "/nix/store/549k33kzv5w0dvyrkiqqhn0gawxkvra1-yazi-26.5.6",
              "default": true
            }
          ],
          "store_path": "/nix/store/549k33kzv5w0dvyrkiqqhn0gawxkvra1-yazi-26.5.6"
        }
      }
    }
  }
}
