{
  "lockfile_version": "1",
  "packages": {
    "bat@latest": {
      "last_modified": "2026-03-21T07:29:51Z",
      "resolved": "github:NixOS/nixpkgs/09061f748ee21f68a089cd5d91ec1859cd93d0be#bat",
      "source": "devbox-search",
      "version": "0.26.1",
      "systems": {
        "aarch64-darwin": {
          "outputs": [
            {
              "name": "out",
              "path": "/nix/store/ccd4fyjaa0hmvic3a0x0lak1akm1wbf9-bat-0.26.1",
              "default": true
            }
          ],
          "store_path": "/nix/store/ccd4fyjaa0hmvic3a0x0lak1akm1wbf9-bat-0.26.1"
        },
        "aarch64-linux": {
          "outputs": [
            {
              "name": "out",
              "path": "/nix/store/g11dl0f63i53kaw2ki0kk8bycy99ax1v-bat-0.26.1",
              "default": true
            }
          ],
          "store_path": "/nix/store/g11dl0f63i53kaw2ki0kk8bycy99ax1v-bat-0.26.1"
        },
        "x86_64-darwin": {
          "outputs": [
            {
              "name": "out",
              "path": "/nix/store/mysappv2jzlb7q13scn0836jwpaf6gc4-bat-0.26.1",
              "default": true
            }
          ],
          "store_path": "/nix/store/mysappv2jzlb7q13scn0836jwpaf6gc4-bat-0.26.1"
        },
        "x86_64-linux": {
          "outputs": [
            {
              "name": "out",
              "path": "/nix/store/1n63v53bzw0j9qkivrqcmgx53kng3l7z-bat-0.26.1",
              "default": true
            }
          ],
          "store_path": "/nix/store/1n63v53bzw0j9qkivrqcmgx53kng3l7z-bat-0.26.1"
        }
      }
    },
    "delta@latest": {
      "last_modified": "2026-03-29T14:22:01Z",
      "resolved": "github:NixOS/nixpkgs/c397ef6af68c018462d786e1b65384abc472a907#delta",
      "source": "devbox-search",
      "version": "0.19.2",
      "systems": {
        "aarch64-darwin": {
          "outputs": [
            {
              "name": "out",
              "path": "/nix/store/vxcnvkhhqgwwr6lslxj74w184j4p3da4-delta-0.19.2",
              "default": true
            }
          ],
          "store_path": "/nix/store/vxcnvkhhqgwwr6lslxj74w184j4p3da4-delta-0.19.2"
        },
        "aarch64-linux": {
          "outputs": [
            {
              "name": "out",
              "path": "/nix/store/84xxn8cbbfb5vg154prdb1vsf0lm17zh-delta-0.19.2",
              "default": true
            }
          ],
          "store_path": "/nix/store/84xxn8cbbfb5vg154prdb1vsf0lm17zh-delta-0.19.2"
        },
        "x86_64-darwin": {
          "outputs": [
            {
              "name": "out",
              "path": "/nix/store/zzn7irqi4cs1gj9s18zy6xp30q3ivpfi-delta-0.19.2",
              "default": true
            }
          ],
          "store_path": "/nix/store/zzn7irqi4cs1gj9s18zy6xp30q3ivpfi-delta-0.19.2"
        },
        "x86_64-linux": {
          "outputs": [
            {
              "name": "out",
              "path": "/nix/store/kkyz1159d5s30abl0nmpms4z82y05a1w-delta-0.19.2",
              "default": true
            }
          ],
          "store_path": "/nix/store/kkyz1159d5s30abl0nmpms4z82y05a1w-delta-0.19.2"
        }
      }
    },
    "eza@latest": {
      "last_modified": "2026-03-21T07:29:51Z",
      "resolved": "github:NixOS/nixpkgs/09061f748ee21f68a089cd5d91ec1859cd93d0be#eza",
      "source": "devbox-search",
      "version": "0.23.4",
      "systems": {
        "aarch64-darwin": {
          "outputs": [
            {
              "name": "out",
              "path": "/nix/store/j7q9v66d0sp91w4m2cnzf4hg6kw41a97-eza-0.23.4",
              "default": true
            },
            {
              "name": "man",
              "path": "/nix/store/r01xk5wpql58z64r0z2cblgp3gh643kz-eza-0.23.4-man",
              "default": true
            }
          ],
          "store_path": "/nix/store/j7q9v66d0sp91w4m2cnzf4hg6kw41a97-eza-0.23.4"
        },
        "aarch64-linux": {
          "outputs": [
            {
              "name": "out",
              "path": "/nix/store/wsxznyrzl3gnqd5qnw7rjmf3izkc5wzv-eza-0.23.4",
              "default": true
            },
            {
              "name": "man",
              "path": "/nix/store/r75zf98pmg3nqlv52cjbnp2siss6v1q6-eza-0.23.4-man",
              "default": true
            }
          ],
          "store_path": "/nix/store/wsxznyrzl3gnqd5qnw7rjmf3izkc5wzv-eza-0.23.4"
        },
        "x86_64-darwin": {
          "outputs": [
            {
              "name": "out",
              "path": "/nix/store/0v12mjnr6455pnbhchdllfillg2r8191-eza-0.23.4",
              "default": true
            },
            {
              "name": "man",
              "path": "/nix/store/9f642r2fadz6sf51i3km2jd0l1lzrh38-eza-0.23.4-man",
              "default": true
            }
          ],
          "store_path": "/nix/store/0v12mjnr6455pnbhchdllfillg2r8191-eza-0.23.4"
        },
        "x86_64-linux": {
          "outputs": [
            {
              "name": "out",
              "path": "/nix/store/35g195wn2ianjb70299dqvspck892h4n-eza-0.23.4",
              "default": true
            },
            {
              "name": "man",
              "path": "/nix/store/5cdlcrimks2zyzr7j7xd9z71b0kkyfgp-eza-0.23.4-man",
              "default": true
            }
          ],
          "store_path": "/nix/store/35g195wn2ianjb70299dqvspck892h4n-eza-0.23.4"
        }
      }
    },
    "fd@latest": {
      "last_modified": "2026-03-21T07:29:51Z",
      "resolved": "github:NixOS/nixpkgs/09061f748ee21f68a089cd5d91ec1859cd93d0be#fd",
      "source": "devbox-search",
      "version": "10.4.2",
      "systems": {
        "aarch64-darwin": {
          "outputs": [
            {
              "name": "out",
              "path": "/nix/store/b87vl0i1j3w760n2s6w30r2d69j89ags-fd-10.4.2",
              "default": true
            }
          ],
          "store_path": "/nix/store/b87vl0i1j3w760n2s6w30r2d69j89ags-fd-10.4.2"
        },
        "aarch64-linux": {
          "outputs": [
            {
              "name": "out",
              "path": "/nix/store/zxmq6kgqkl1zdyap0dskawvwah2sg6wy-fd-10.4.2",
              "default": true
            }
          ],
          "store_path": "/nix/store/zxmq6kgqkl1zdyap0dskawvwah2sg6wy-fd-10.4.2"
        },
        "x86_64-darwin": {
          "outputs": [
            {
              "name": "out",
              "path": "/nix/store/sclrbgh1hx86s6c3d6hl1lwxrrp33j3l-fd-10.4.2",
              "default": true
            }
          ],
          "store_path": "/nix/store/sclrbgh1hx86s6c3d6hl1lwxrrp33j3l-fd-10.4.2"
        },
        "x86_64-linux": {
          "outputs": [
            {
              "name": "out",
              "path": "/nix/store/836lndidk1144z81npf27c7dcgmczid3-fd-10.4.2",
              "default": true
            }
          ],
          "store_path": "/nix/store/836lndidk1144z81npf27c7dcgmczid3-fd-10.4.2"
        }
      }
    },
    "fzf@latest": {
      "last_modified": "2026-03-21T07:29:51Z",
      "resolved": "github:NixOS/nixpkgs/09061f748ee21f68a089cd5d91ec1859cd93d0be#fzf",
      "source": "devbox-search",
      "version": "0.70.0",
      "systems": {
        "aarch64-darwin": {
          "outputs": [
            {
              "name": "out",
              "path": "/nix/store/ma86hba0f6rhr2pg278xq3qqhflwi4ll-fzf-0.70.0",
              "default": true
            },
            {
              "name": "man",
              "path": "/nix/store/x8g3c570zmp122cg0ylgfw94ggkw2dry-fzf-0.70.0-man",
              "default": true
            }
          ],
          "store_path": "/nix/store/ma86hba0f6rhr2pg278xq3qqhflwi4ll-fzf-0.70.0"
        },
        "aarch64-linux": {
          "outputs": [
            {
              "name": "out",
              "path": "/nix/store/3adi1w3s6msgbvqd1vafj4xsvhkyh2nl-fzf-0.70.0",
              "default": true
            },
            {
              "name": "man",
              "path": "/nix/store/2b5ll61hyr2g3h7qjgq3jqmhj4i5mzgd-fzf-0.70.0-man",
              "default": true
            }
          ],
          "store_path": "/nix/store/3adi1w3s6msgbvqd1vafj4xsvhkyh2nl-fzf-0.70.0"
        },
        "x86_64-darwin": {
          "outputs": [
            {
              "name": "out",
              "path": "/nix/store/vqmmxl88aqcg9962w0cy5fk95mlvg86s-fzf-0.70.0",
              "default": true
            },
            {
              "name": "man",
              "path": "/nix/store/2silyc3lk7cpibkf3lpx5blwp3nmp21l-fzf-0.70.0-man",
              "default": true
            }
          ],
          "store_path": "/nix/store/vqmmxl88aqcg9962w0cy5fk95mlvg86s-fzf-0.70.0"
        },
        "x86_64-linux": {
          "outputs": [
            {
              "name": "out",
              "path": "/nix/store/59ndvaz0bwbaw3ylh8yzckksfs55xj7d-fzf-0.70.0",
              "default": true
            },
            {
              "name": "man",
              "path": "/nix/store/648pp56gcfrj8dk3ggg97hv1nzhkhm93-fzf-0.70.0-man",
              "default": true
            }
          ],
          "store_path": "/nix/store/59ndvaz0bwbaw3ylh8yzckksfs55xj7d-fzf-0.70.0"
        }
      }
    },
    "gh@latest": {
      "last_modified": "2026-03-27T11:17:38Z",
      "resolved": "github:NixOS/nixpkgs/832efc09b4caf6b4569fbf9dc01bec3082a00611#gh",
      "source": "devbox-search",
      "version": "2.89.0",
      "systems": {
        "aarch64-darwin": {
          "outputs": [
            {
              "name": "out",
              "path": "/nix/store/ifqpbjcfx5snmahgny6lx40wxbh2yr7g-gh-2.89.0",
              "default": true
            }
          ],
          "store_path": "/nix/store/ifqpbjcfx5snmahgny6lx40wxbh2yr7g-gh-2.89.0"
        },
        "aarch64-linux": {
          "outputs": [
            {
              "name": "out",
              "path": "/nix/store/kx2h8n89f8c7a8js867836msdvsfif4j-gh-2.89.0",
              "default": true
            }
          ],
          "store_path": "/nix/store/kx2h8n89f8c7a8js867836msdvsfif4j-gh-2.89.0"
        },
        "x86_64-darwin": {
          "outputs": [
            {
              "name": "out",
              "path": "/nix/store/20pxzdzqba82zcy2zwqcsdn9imjrhg24-gh-2.89.0",
              "default": true
            }
          ],
          "store_path": "/nix/store/20pxzdzqba82zcy2zwqcsdn9imjrhg24-gh-2.89.0"
        },
        "x86_64-linux": {
          "outputs": [
            {
              "name": "out",
              "path": "/nix/store/1131yfwz32j7ad860qy9ksvbiid2hv0k-gh-2.89.0",
              "default": true
            }
          ],
          "store_path": "/nix/store/1131yfwz32j7ad860qy9ksvbiid2hv0k-gh-2.89.0"
        }
      }
    },
    "git@latest": {
      "last_modified": "2026-03-21T07:29:51Z",
      "resolved": "github:NixOS/nixpkgs/09061f748ee21f68a089cd5d91ec1859cd93d0be#git",
      "source": "devbox-search",
      "version": "2.53.0",
      "systems": {
        "aarch64-darwin": {
          "outputs": [
            {
              "name": "out",
              "path": "/nix/store/6qbj40r0s289k5slmy8yna5x2hfz01wg-git-2.53.0",
              "default": true
            },
            {
              "name": "doc",
              "path": "/nix/store/xp9w7bcl4c78268kn82qdayqglj0zdxa-git-2.53.0-doc"
            }
          ],
          "store_path": "/nix/store/6qbj40r0s289k5slmy8yna5x2hfz01wg-git-2.53.0"
        },
        "aarch64-linux": {
          "outputs": [
            {
              "name": "out",
              "path": "/nix/store/0vbb6j0ppx1w8cw28h7w8s2dzla9j3m6-git-2.53.0",
              "default": true
            },
            {
              "name": "debug",
              "path": "/nix/store/gaj4q67pid2pcy9nvh2ysv4728wxj5m4-git-2.53.0-debug"
            },
            {
              "name": "doc",
              "path": "/nix/store/9mrg9g0w2b4cfdppq3n4zvhkvyixvqpx-git-2.53.0-doc"
            }
          ],
          "store_path": "/nix/store/0vbb6j0ppx1w8cw28h7w8s2dzla9j3m6-git-2.53.0"
        },
        "x86_64-darwin": {
          "outputs": [
            {
              "name": "out",
              "path": "/nix/store/2q2hzaclp1rsj65h21lng7wa26vawhnq-git-2.53.0",
              "default": true
            },
            {
              "name": "doc",
              "path": "/nix/store/yi2mi426la2x7rggv0a0ah11s2dangz4-git-2.53.0-doc"
            }
          ],
          "store_path": "/nix/store/2q2hzaclp1rsj65h21lng7wa26vawhnq-git-2.53.0"
        },
        "x86_64-linux": {
          "outputs": [
            {
              "name": "out",
              "path": "/nix/store/7yvcckar1lzhqnr0xx2n19nsdjd4qa4d-git-2.53.0",
              "default": true
            },
            {
              "name": "debug",
              "path": "/nix/store/9xs1n97fsdbgnk8cxbdx3hqlz6fdaynb-git-2.53.0-debug"
            },
            {
              "name": "doc",
              "path": "/nix/store/rv7cz5lz1qmbdnh3zrpv0j0wa5ivaacq-git-2.53.0-doc"
            }
          ],
          "store_path": "/nix/store/7yvcckar1lzhqnr0xx2n19nsdjd4qa4d-git-2.53.0"
        }
      }
    },
    "github:NixOS/nixpkgs/ccb635f945aa6d34300627e70633878645db2db3": {
      "last_modified": "1970-01-01T00:00:00Z",
      "resolved": "github:NixOS/nixpkgs/ccb635f945aa6d34300627e70633878645db2db3"
    },
    "github:NixOS/nixpkgs/ccb635f945aa6d34300627e70633878645db2db3#neovim": {
      "last_modified": "1970-01-01T00:00:00Z",
      "resolved": "github:NixOS/nixpkgs/ccb635f945aa6d34300627e70633878645db2db3#neovim"
    },
    "hexyl@latest": {
      "last_modified": "2026-03-21T07:29:51Z",
      "resolved": "github:NixOS/nixpkgs/09061f748ee21f68a089cd5d91ec1859cd93d0be#hexyl",
      "source": "devbox-search",
      "version": "0.17.0",
      "systems": {
        "aarch64-darwin": {
          "outputs": [
            {
              "name": "out",
              "path": "/nix/store/5lk82izmj0fq6xvkcv5z8js5f8sph68z-hexyl-0.17.0",
              "default": true
            }
          ],
          "store_path": "/nix/store/5lk82izmj0fq6xvkcv5z8js5f8sph68z-hexyl-0.17.0"
        },
        "aarch64-linux": {
          "outputs": [
            {
              "name": "out",
              "path": "/nix/store/3jnv2izww5357l8pdqkw544l4ml8jhc4-hexyl-0.17.0",
              "default": true
            }
          ],
          "store_path": "/nix/store/3jnv2izww5357l8pdqkw544l4ml8jhc4-hexyl-0.17.0"
        },
        "x86_64-darwin": {
          "outputs": [
            {
              "name": "out",
              "path": "/nix/store/va450a7xx60jhzbyikf9yf7l4hizhf03-hexyl-0.17.0",
              "default": true
            }
          ],
          "store_path": "/nix/store/va450a7xx60jhzbyikf9yf7l4hizhf03-hexyl-0.17.0"
        },
        "x86_64-linux": {
          "outputs": [
            {
              "name": "out",
              "path": "/nix/store/yx8r15d0h97fd77br9paaiwn8vi6iza2-hexyl-0.17.0",
              "default": true
            }
          ],
          "store_path": "/nix/store/yx8r15d0h97fd77br9paaiwn8vi6iza2-hexyl-0.17.0"
        }
      }
    },
    "jq@latest": {
      "last_modified": "2026-03-29T14:22:01Z",
      "resolved": "github:NixOS/nixpkgs/c397ef6af68c018462d786e1b65384abc472a907#jq",
      "source": "devbox-search",
      "version": "1.8.1",
      "systems": {
        "aarch64-darwin": {
          "outputs": [
            {
              "name": "bin",
              "path": "/nix/store/bb450vb2gl547zwba8sihcyilsg2rqfa-jq-1.8.1-bin",
              "default": true
            },
            {
              "name": "man",
              "path": "/nix/store/vs96fwfhd5gjycxs5yc58wkrizscww92-jq-1.8.1-man",
              "default": true
            },
            {
              "name": "dev",
              "path": "/nix/store/irxgyhi0rq34f2y721a26ii09nynq2ha-jq-1.8.1-dev"
            },
            {
              "name": "doc",
              "path": "/nix/store/rnkk37licxmcicz44sm368bk2fsrk52j-jq-1.8.1-doc"
            },
            {
              "name": "out",
              "path": "/nix/store/y4gq3lbz2nq75cl3v28ixrqrr90pk4lf-jq-1.8.1"
            }
          ],
          "store_path": "/nix/store/bb450vb2gl547zwba8sihcyilsg2rqfa-jq-1.8.1-bin"
        },
        "aarch64-linux": {
          "outputs": [
            {
              "name": "bin",
              "path": "/nix/store/h68aklwk28xbrg7pqaw078w1hvvvf419-jq-1.8.1-bin",
              "default": true
            },
            {
              "name": "man",
              "path": "/nix/store/l4npc0sgk51lz2d6jqnl4r18hmn6qckr-jq-1.8.1-man",
              "default": true
            },
            {
              "name": "dev",
              "path": "/nix/store/kzsszlf69lndqilpgysw1j9b4hrfwjfx-jq-1.8.1-dev"
            },
            {
              "name": "doc",
              "path": "/nix/store/rr0a4brsd47393640zn9zgw844rbkrsl-jq-1.8.1-doc"
            },
            {
              "name": "out",
              "path": "/nix/store/5jf55qkwrnd769ri9wxiy7z9kp5zb4ca-jq-1.8.1"
            }
          ],
          "store_path": "/nix/store/h68aklwk28xbrg7pqaw078w1hvvvf419-jq-1.8.1-bin"
        },
        "x86_64-darwin": {
          "outputs": [
            {
              "name": "bin",
              "path": "/nix/store/y699jyfkqhj7lm51zdxm1df28izg6zgj-jq-1.8.1-bin",
              "default": true
            },
            {
              "name": "man",
              "path": "/nix/store/0h261wdn6mlrn564adwhyw52a2dfnbg5-jq-1.8.1-man",
              "default": true
            },
            {
              "name": "dev",
              "path": "/nix/store/681w0vijzacwyhcwylkvbppd4kps33fw-jq-1.8.1-dev"
            },
            {
              "name": "doc",
              "path": "/nix/store/2bvvha8apma6crzhsnpjrghnjbjj6hpm-jq-1.8.1-doc"
            },
            {
              "name": "out",
              "path": "/nix/store/44i56yshwqwgw912idz0m9zx30d1xg8z-jq-1.8.1"
            }
          ],
          "store_path": "/nix/store/y699jyfkqhj7lm51zdxm1df28izg6zgj-jq-1.8.1-bin"
        },
        "x86_64-linux": {
          "outputs": [
            {
              "name": "bin",
              "path": "/nix/store/fc13hvlj7541i1xmwdka7f61qicdzr5a-jq-1.8.1-bin",
              "default": true
            },
            {
              "name": "man",
              "path": "/nix/store/crwv17pim6csnfr4jmsd7kf60sp3c5dh-jq-1.8.1-man",
              "default": true
            },
            {
              "name": "dev",
              "path": "/nix/store/plinh1rzkh83n4gfpkxl748zgaydpxll-jq-1.8.1-dev"
            },
            {
              "name": "doc",
              "path": "/nix/store/ihgrvb9w91mwbhxx3fi3gcwwx3qlsdfv-jq-1.8.1-doc"
            },
            {
              "name": "out",
              "path": "/nix/store/s4w1j16dj8wyriv1ljfypr9s1r39yjwp-jq-1.8.1"
            }
          ],
          "store_path": "/nix/store/fc13hvlj7541i1xmwdka7f61qicdzr5a-jq-1.8.1-bin"
        }
      }
    },
    "luarocks@latest": {
      "last_modified": "2023-02-24T09:01:09Z",
      "resolved": "github:NixOS/nixpkgs/7d0ed7f2e5aea07ab22ccb338d27fbe347ed2f11#luarocks",
      "source": "devbox-search",
      "version": "3.9.1",
      "systems": {
        "x86_64-linux": {
          "outputs": [
            {
              "path": "/nix/store/p9ma631145gniixlym6x09zr97q3m5h1-luarocks-3.9.1",
              "default": true
            }
          ]
        }
      }
    },
    "nodejs@latest": {
      "last_modified": "2026-03-27T11:17:38Z",
      "plugin_version": "0.0.2",
      "resolved": "github:NixOS/nixpkgs/832efc09b4caf6b4569fbf9dc01bec3082a00611#nodejs_25",
      "source": "devbox-search",
      "version": "25.8.2",
      "systems": {
        "aarch64-darwin": {
          "outputs": [
            {
              "name": "out",
              "path": "/nix/store/qflz0c97921bn5i3jc49dy24hhwpk67d-nodejs-25.8.2",
              "default": true
            }
          ],
          "store_path": "/nix/store/qflz0c97921bn5i3jc49dy24hhwpk67d-nodejs-25.8.2"
        },
        "aarch64-linux": {
          "outputs": [
            {
              "name": "out",
              "path": "/nix/store/vdakqgvs2qjrdsrjz3wpwn39yvj0fmvv-nodejs-25.8.2",
              "default": true
            }
          ],
          "store_path": "/nix/store/vdakqgvs2qjrdsrjz3wpwn39yvj0fmvv-nodejs-25.8.2"
        },
        "x86_64-darwin": {
          "outputs": [
            {
              "name": "out",
              "path": "/nix/store/d94jkiwkdf3qm25pchchdx37sh4fy4g7-nodejs-25.8.2",
              "default": true
            }
          ],
          "store_path": "/nix/store/d94jkiwkdf3qm25pchchdx37sh4fy4g7-nodejs-25.8.2"
        },
        "x86_64-linux": {
          "outputs": [
            {
              "name": "out",
              "path": "/nix/store/qads515hyg9b6vs0l1cyxhggvc98ycdx-nodejs-25.8.2",
              "default": true
            }
          ],
          "store_path": "/nix/store/qads515hyg9b6vs0l1cyxhggvc98ycdx-nodejs-25.8.2"
        }
      }
    },
    "opencode@latest": {
      "last_modified": "2026-03-27T11:17:38Z",
      "resolved": "github:NixOS/nixpkgs/832efc09b4caf6b4569fbf9dc01bec3082a00611#opencode",
      "source": "devbox-search",
      "version": "1.3.2",
      "systems": {
        "aarch64-darwin": {
          "outputs": [
            {
              "name": "out",
              "path": "/nix/store/wjgvg299pnnpvnqviq74f7w4hq6pbjzp-opencode-1.3.2",
              "default": true
            }
          ],
          "store_path": "/nix/store/wjgvg299pnnpvnqviq74f7w4hq6pbjzp-opencode-1.3.2"
        },
        "aarch64-linux": {
          "outputs": [
            {
              "name": "out",
              "path": "/nix/store/9jp77g4drs1q7ccf642n0m29g5mr3q2k-opencode-1.3.2",
              "default": true
            }
          ],
          "store_path": "/nix/store/9jp77g4drs1q7ccf642n0m29g5mr3q2k-opencode-1.3.2"
        },
        "x86_64-linux": {
          "outputs": [
            {
              "name": "out",
              "path": "/nix/store/yannk9n8nyp45y7agjk57fr211x0zc2c-opencode-1.3.2",
              "default": true
            }
          ],
          "store_path": "/nix/store/yannk9n8nyp45y7agjk57fr211x0zc2c-opencode-1.3.2"
        }
      }
    },
    "pixi@latest": {
      "last_modified": "2026-03-21T07:29:51Z",
      "resolved": "github:NixOS/nixpkgs/09061f748ee21f68a089cd5d91ec1859cd93d0be#pixi",
      "source": "devbox-search",
      "version": "0.63.2",
      "systems": {
        "aarch64-darwin": {
          "outputs": [
            {
              "name": "out",
              "path": "/nix/store/ggnzxf103mfyzgf9d156g0g4hp9qxmwh-pixi-0.63.2",
              "default": true
            }
          ],
          "store_path": "/nix/store/ggnzxf103mfyzgf9d156g0g4hp9qxmwh-pixi-0.63.2"
        },
        "aarch64-linux": {
          "outputs": [
            {
              "name": "out",
              "path": "/nix/store/4v1dw75mzzglb8ih021jy20ap38x8shv-pixi-0.63.2",
              "default": true
            }
          ],
          "store_path": "/nix/store/4v1dw75mzzglb8ih021jy20ap38x8shv-pixi-0.63.2"
        },
        "x86_64-darwin": {
          "outputs": [
            {
              "name": "out",
              "path": "/nix/store/pypp7qmzc39rx0ni5zyskbs9rh9mwq7n-pixi-0.63.2",
              "default": true
            }
          ],
          "store_path": "/nix/store/pypp7qmzc39rx0ni5zyskbs9rh9mwq7n-pixi-0.63.2"
        },
        "x86_64-linux": {
          "outputs": [
            {
              "name": "out",
              "path": "/nix/store/6fzsbnkh7i1gsrlgnr85v7v2q89v3r44-pixi-0.63.2",
              "default": true
            }
          ],
          "store_path": "/nix/store/6fzsbnkh7i1gsrlgnr85v7v2q89v3r44-pixi-0.63.2"
        }
      }
    },
    "podman@latest": {
      "last_modified": "2026-03-27T11:17:38Z",
      "resolved": "github:NixOS/nixpkgs/832efc09b4caf6b4569fbf9dc01bec3082a00611#podman",
      "source": "devbox-search",
      "version": "5.8.1",
      "systems": {
        "aarch64-darwin": {
          "outputs": [
            {
              "name": "out",
              "path": "/nix/store/1a9pny79n0na7m3vnskr3nqvba0ccb00-podman-5.8.1",
              "default": true
            },
            {
              "name": "man",
              "path": "/nix/store/y5s91b5k6ipkp3d8pnd6419c1vf03ii6-podman-5.8.1-man",
              "default": true
            }
          ],
          "store_path": "/nix/store/1a9pny79n0na7m3vnskr3nqvba0ccb00-podman-5.8.1"
        },
        "aarch64-linux": {
          "outputs": [
            {
              "name": "out",
              "path": "/nix/store/vjmr1a52mafl6g8ij5gbivhqp547iap5-podman-5.8.1",
              "default": true
            },
            {
              "name": "man",
              "path": "/nix/store/pn5wik4cb2la2llcw1lw0xjbiqvj7qn2-podman-5.8.1-man",
              "default": true
            }
          ],
          "store_path": "/nix/store/vjmr1a52mafl6g8ij5gbivhqp547iap5-podman-5.8.1"
        },
        "x86_64-darwin": {
          "outputs": [
            {
              "name": "out",
              "path": "/nix/store/rlll5c2h6kv9vvf9kbl2p2ykwkzj4hfc-podman-5.8.1",
              "default": true
            },
            {
              "name": "man",
              "path": "/nix/store/qjg4d8vgsmsz1xxaqy4c06rwm5fb5pmf-podman-5.8.1-man",
              "default": true
            }
          ],
          "store_path": "/nix/store/rlll5c2h6kv9vvf9kbl2p2ykwkzj4hfc-podman-5.8.1"
        },
        "x86_64-linux": {
          "outputs": [
            {
              "name": "out",
              "path": "/nix/store/r8j6r32ym09g648svyqcaknp6vy01iww-podman-5.8.1",
              "default": true
            },
            {
              "name": "man",
              "path": "/nix/store/j8zjap52jfvziw7ygp8jqxy0222cnv0b-podman-5.8.1-man",
              "default": true
            }
          ],
          "store_path": "/nix/store/r8j6r32ym09g648svyqcaknp6vy01iww-podman-5.8.1"
        }
      }
    },
    "ripgrep@latest": {
      "last_modified": "2026-03-21T07:29:51Z",
      "resolved": "github:NixOS/nixpkgs/09061f748ee21f68a089cd5d91ec1859cd93d0be#ripgrep",
      "source": "devbox-search",
      "version": "15.1.0",
      "systems": {
        "aarch64-darwin": {
          "outputs": [
            {
              "name": "out",
              "path": "/nix/store/qx2i265ck9hi773q0hhg96bjchkghpgm-ripgrep-15.1.0",
              "default": true
            }
          ],
          "store_path": "/nix/store/qx2i265ck9hi773q0hhg96bjchkghpgm-ripgrep-15.1.0"
        },
        "aarch64-linux": {
          "outputs": [
            {
              "name": "out",
              "path": "/nix/store/p16w1972rd9hj2kdczmdlwv0wa8c0drf-ripgrep-15.1.0",
              "default": true
            }
          ],
          "store_path": "/nix/store/p16w1972rd9hj2kdczmdlwv0wa8c0drf-ripgrep-15.1.0"
        },
        "x86_64-darwin": {
          "outputs": [
            {
              "name": "out",
              "path": "/nix/store/hm6mgwzrdznpadk6nxzmlls1p534m2d3-ripgrep-15.1.0",
              "default": true
            }
          ],
          "store_path": "/nix/store/hm6mgwzrdznpadk6nxzmlls1p534m2d3-ripgrep-15.1.0"
        },
        "x86_64-linux": {
          "outputs": [
            {
              "name": "out",
              "path": "/nix/store/922crn2k3v8yaqk7anps80hba919lnds-ripgrep-15.1.0",
              "default": true
            }
          ],
          "store_path": "/nix/store/922crn2k3v8yaqk7anps80hba919lnds-ripgrep-15.1.0"
        }
      }
    },
    "silver-searcher@latest": {
      "last_modified": "2026-03-21T07:29:51Z",
      "resolved": "github:NixOS/nixpkgs/09061f748ee21f68a089cd5d91ec1859cd93d0be#silver-searcher",
      "source": "devbox-search",
      "version": "2.2.0",
      "systems": {
        "aarch64-darwin": {
          "outputs": [
            {
              "name": "out",
              "path": "/nix/store/i7619c4wqhx06dxzrpnwdz0wf709spfi-silver-searcher-2.2.0",
              "default": true
            }
          ],
          "store_path": "/nix/store/i7619c4wqhx06dxzrpnwdz0wf709spfi-silver-searcher-2.2.0"
        },
        "aarch64-linux": {
          "outputs": [
            {
              "name": "out",
              "path": "/nix/store/l450f0bgcgfg9f15mvimly8qwkzx529g-silver-searcher-2.2.0",
              "default": true
            }
          ],
          "store_path": "/nix/store/l450f0bgcgfg9f15mvimly8qwkzx529g-silver-searcher-2.2.0"
        },
        "x86_64-darwin": {
          "outputs": [
            {
              "name": "out",
              "path": "/nix/store/r38nqsyp8d9cf4pk8vwq8c47bmf1fx4l-silver-searcher-2.2.0",
              "default": true
            }
          ],
          "store_path": "/nix/store/r38nqsyp8d9cf4pk8vwq8c47bmf1fx4l-silver-searcher-2.2.0"
        },
        "x86_64-linux": {
          "outputs": [
            {
              "name": "out",
              "path": "/nix/store/pw6qpr78bb91ym449dwnpygl81dlzg3v-silver-searcher-2.2.0",
              "default": true
            }
          ],
          "store_path": "/nix/store/pw6qpr78bb91ym449dwnpygl81dlzg3v-silver-searcher-2.2.0"
        }
      }
    },
    "starship@latest": {
      "last_modified": "2026-03-21T07:29:51Z",
      "resolved": "github:NixOS/nixpkgs/09061f748ee21f68a089cd5d91ec1859cd93d0be#starship",
      "source": "devbox-search",
      "version": "1.24.2",
      "systems": {
        "aarch64-darwin": {
          "outputs": [
            {
              "name": "out",
              "path": "/nix/store/gnh5xlfgj5jxx1j8j2pq7k0rf371yv0v-starship-1.24.2",
              "default": true
            }
          ],
          "store_path": "/nix/store/gnh5xlfgj5jxx1j8j2pq7k0rf371yv0v-starship-1.24.2"
        },
        "aarch64-linux": {
          "outputs": [
            {
              "name": "out",
              "path": "/nix/store/0dqp8qbxw7cih063n7j3vjbn55p3m2gy-starship-1.24.2",
              "default": true
            }
          ],
          "store_path": "/nix/store/0dqp8qbxw7cih063n7j3vjbn55p3m2gy-starship-1.24.2"
        },
        "x86_64-darwin": {
          "outputs": [
            {
              "name": "out",
              "path": "/nix/store/fn4960ngxjq6plsg6w4zka3gkcq76f20-starship-1.24.2",
              "default": true
            }
          ],
          "store_path": "/nix/store/fn4960ngxjq6plsg6w4zka3gkcq76f20-starship-1.24.2"
        },
        "x86_64-linux": {
          "outputs": [
            {
              "name": "out",
              "path": "/nix/store/ilrxlvaydmr2qmsxqa07wiia3xrrdc1h-starship-1.24.2",
              "default": true
            }
          ],
          "store_path": "/nix/store/ilrxlvaydmr2qmsxqa07wiia3xrrdc1h-starship-1.24.2"
        }
      }
    },
    "tree-sitter@latest": {
      "last_modified": "2026-03-21T07:29:51Z",
      "resolved": "github:NixOS/nixpkgs/09061f748ee21f68a089cd5d91ec1859cd93d0be#tree-sitter",
      "source": "devbox-search",
      "version": "0.25.10",
      "systems": {
        "aarch64-darwin": {
          "outputs": [
            {
              "name": "out",
              "path": "/nix/store/ia0i7d3sacvpa8y84x2rgk5y807i2mrk-tree-sitter-0.25.10",
              "default": true
            }
          ],
          "store_path": "/nix/store/ia0i7d3sacvpa8y84x2rgk5y807i2mrk-tree-sitter-0.25.10"
        },
        "aarch64-linux": {
          "outputs": [
            {
              "name": "out",
              "path": "/nix/store/l89rvxh3yvikch71rhzk2anzyhlybl0g-tree-sitter-0.25.10",
              "default": true
            }
          ],
          "store_path": "/nix/store/l89rvxh3yvikch71rhzk2anzyhlybl0g-tree-sitter-0.25.10"
        },
        "x86_64-darwin": {
          "outputs": [
            {
              "name": "out",
              "path": "/nix/store/jv2m3jjq80vbmbxfb82nfyafm266qrd3-tree-sitter-0.25.10",
              "default": true
            }
          ],
          "store_path": "/nix/store/jv2m3jjq80vbmbxfb82nfyafm266qrd3-tree-sitter-0.25.10"
        },
        "x86_64-linux": {
          "outputs": [
            {
              "name": "out",
              "path": "/nix/store/7yiiywqw2db840zsgjvayq204jm0m9zw-tree-sitter-0.25.10",
              "default": true
            }
          ],
          "store_path": "/nix/store/7yiiywqw2db840zsgjvayq204jm0m9zw-tree-sitter-0.25.10"
        }
      }
    },
    "yadm@latest": {
      "last_modified": "2026-03-21T07:29:51Z",
      "resolved": "github:NixOS/nixpkgs/09061f748ee21f68a089cd5d91ec1859cd93d0be#yadm",
      "source": "devbox-search",
      "version": "3.5.0",
      "systems": {
        "aarch64-darwin": {
          "outputs": [
            {
              "name": "out",
              "path": "/nix/store/9d7ffrmw7kzj1famqvjn5ywwwrh7s1pz-yadm-3.5.0",
              "default": true
            }
          ],
          "store_path": "/nix/store/9d7ffrmw7kzj1famqvjn5ywwwrh7s1pz-yadm-3.5.0"
        },
        "aarch64-linux": {
          "outputs": [
            {
              "name": "out",
              "path": "/nix/store/m756dk272v6nhncksq9zrd9731wb8xxy-yadm-3.5.0",
              "default": true
            }
          ],
          "store_path": "/nix/store/m756dk272v6nhncksq9zrd9731wb8xxy-yadm-3.5.0"
        },
        "x86_64-darwin": {
          "outputs": [
            {
              "name": "out",
              "path": "/nix/store/r138v3qkdba19mvbcwhnalaavsc7l7gj-yadm-3.5.0",
              "default": true
            }
          ],
          "store_path": "/nix/store/r138v3qkdba19mvbcwhnalaavsc7l7gj-yadm-3.5.0"
        },
        "x86_64-linux": {
          "outputs": [
            {
              "name": "out",
              "path": "/nix/store/jpxcfan7fzihihj5sxwiikl7gak98mml-yadm-3.5.0",
              "default": true
            }
          ],
          "store_path": "/nix/store/jpxcfan7fzihihj5sxwiikl7gak98mml-yadm-3.5.0"
        }
      }
    },
    "yazi@latest": {
      "last_modified": "2026-03-21T07:29:51Z",
      "resolved": "github:NixOS/nixpkgs/09061f748ee21f68a089cd5d91ec1859cd93d0be#yazi",
      "source": "devbox-search",
      "version": "26.1.22",
      "systems": {
        "aarch64-darwin": {
          "outputs": [
            {
              "name": "out",
              "path": "/nix/store/xap9h0nh64paqp3kda9q9j4v0yw1zhdk-yazi-26.1.22",
              "default": true
            }
          ],
          "store_path": "/nix/store/xap9h0nh64paqp3kda9q9j4v0yw1zhdk-yazi-26.1.22"
        },
        "aarch64-linux": {
          "outputs": [
            {
              "name": "out",
              "path": "/nix/store/ib80vq7ryd0nlmy6m722jkgng443fjcf-yazi-26.1.22",
              "default": true
            }
          ],
          "store_path": "/nix/store/ib80vq7ryd0nlmy6m722jkgng443fjcf-yazi-26.1.22"
        },
        "x86_64-darwin": {
          "outputs": [
            {
              "name": "out",
              "path": "/nix/store/aqj6ddpxijvzas1s2vyqyvmzndi104bd-yazi-26.1.22",
              "default": true
            }
          ],
          "store_path": "/nix/store/aqj6ddpxijvzas1s2vyqyvmzndi104bd-yazi-26.1.22"
        },
        "x86_64-linux": {
          "outputs": [
            {
              "name": "out",
              "path": "/nix/store/5y8m2ij0icq7sbn97djq1jhjab103vis-yazi-26.1.22",
              "default": true
            }
          ],
          "store_path": "/nix/store/5y8m2ij0icq7sbn97djq1jhjab103vis-yazi-26.1.22"
        }
      }
    }
  }
}
